// !$*UTF8*$!
{
	archiveVersion = 1;
	classes = {
	};
	objectVersion = 44;
	objects = {

/* Begin PBXBuildFile section */
		0091D8F90E81B9330029341E /* OpenGL.framework in Frameworks */ = {isa = PBXBuildFile; fileRef = 0091D8F80E81B9330029341E /* OpenGL.framework */; };
		0097E3E50F3E9819005A4392 /* QuickTime.framework in Frameworks */ = {isa = PBXBuildFile; fileRef = 0097E3E40F3E9819005A4392 /* QuickTime.framework */; };
		00B784B30FF439BC000DE1D7 /* Accelerate.framework in Frameworks */ = {isa = PBXBuildFile; fileRef = 00B784AF0FF439BC000DE1D7 /* Accelerate.framework */; };
		00B784B40FF439BC000DE1D7 /* AudioToolbox.framework in Frameworks */ = {isa = PBXBuildFile; fileRef = 00B784B00FF439BC000DE1D7 /* AudioToolbox.framework */; };
		00B784B50FF439BC000DE1D7 /* AudioUnit.framework in Frameworks */ = {isa = PBXBuildFile; fileRef = 00B784B10FF439BC000DE1D7 /* AudioUnit.framework */; };
		00B784B60FF439BC000DE1D7 /* CoreAudio.framework in Frameworks */ = {isa = PBXBuildFile; fileRef = 00B784B20FF439BC000DE1D7 /* CoreAudio.framework */; };
		00BAE65A0E7ED9C10018A608 /* bobbevyApp.cpp in Sources */ = {isa = PBXBuildFile; fileRef = 00BAE6590E7ED9C10018A608 /* bobbevyApp.cpp */; };
		00CCAF15116A9FEE008396D5 /* CinderApp.icns in Resources */ = {isa = PBXBuildFile; fileRef = 00CCAF14116A9FEE008396D5 /* CinderApp.icns */; };
		5323E6B20EAFCA74003A9687 /* CoreVideo.framework in Frameworks */ = {isa = PBXBuildFile; fileRef = 5323E6B10EAFCA74003A9687 /* CoreVideo.framework */; };
		5323E6B60EAFCA7E003A9687 /* QTKit.framework in Frameworks */ = {isa = PBXBuildFile; fileRef = 5323E6B50EAFCA7E003A9687 /* QTKit.framework */; };
		53E3CDFC0E86099300238D2B /* Carbon.framework in Frameworks */ = {isa = PBXBuildFile; fileRef = 53E3CDFB0E86099300238D2B /* Carbon.framework */; };
		8D11072F0486CEB800E47090 /* Cocoa.framework in Frameworks */ = {isa = PBXBuildFile; fileRef = 1058C7A1FEA54F0111CA2CBB /* Cocoa.framework */; };
		C805969415A52A8F00A6D7EC /* blackout.png in Resources */ = {isa = PBXBuildFile; fileRef = C805968B15A52A8F00A6D7EC /* blackout.png */; };
		C805969515A52A8F00A6D7EC /* cinder_app_icon.ico in Resources */ = {isa = PBXBuildFile; fileRef = C805968C15A52A8F00A6D7EC /* cinder_app_icon.ico */; };
		C805969615A52A8F00A6D7EC /* IntroLightFrag.glsl in Resources */ = {isa = PBXBuildFile; fileRef = C805968D15A52A8F00A6D7EC /* IntroLightFrag.glsl */; };
		C805969715A52A8F00A6D7EC /* IntroLightVert.glsl in Resources */ = {isa = PBXBuildFile; fileRef = C805968E15A52A8F00A6D7EC /* IntroLightVert.glsl */; };
		C805969815A52A8F00A6D7EC /* overlay.png in Resources */ = {isa = PBXBuildFile; fileRef = C805968F15A52A8F00A6D7EC /* overlay.png */; };
		C805969915A52A8F00A6D7EC /* sun.png in Resources */ = {isa = PBXBuildFile; fileRef = C805969015A52A8F00A6D7EC /* sun.png */; };
		C805969A15A52A8F00A6D7EC /* tree.png in Resources */ = {isa = PBXBuildFile; fileRef = C805969115A52A8F00A6D7EC /* tree.png */; };
		C805969B15A52A8F00A6D7EC /* trees.png in Resources */ = {isa = PBXBuildFile; fileRef = C805969215A52A8F00A6D7EC /* trees.png */; };
		C805969C15A52A8F00A6D7EC /* zoomToBlack.png in Resources */ = {isa = PBXBuildFile; fileRef = C805969315A52A8F00A6D7EC /* zoomToBlack.png */; };
		C805969E15A52E6900A6D7EC /* FadeFrag.glsl in Resources */ = {isa = PBXBuildFile; fileRef = C805969D15A52E6900A6D7EC /* FadeFrag.glsl */; };
		C811FBCC15A4F41700D036A6 /* bbParticleField.cpp in Sources */ = {isa = PBXBuildFile; fileRef = C811FBCB15A4F41700D036A6 /* bbParticleField.cpp */; };
		C82C9424159F882500AAEDE0 /* Kinect.cpp in Sources */ = {isa = PBXBuildFile; fileRef = C82C9423159F882500AAEDE0 /* Kinect.cpp */; };
		C82C9436159F888100AAEDE0 /* IOKit.framework in Frameworks */ = {isa = PBXBuildFile; fileRef = C82C9435159F888100AAEDE0 /* IOKit.framework */; };
		C82C97A4159FB3A900AAEDE0 /* bbKinectWrapper.cpp in Sources */ = {isa = PBXBuildFile; fileRef = C82C97A3159FB3A900AAEDE0 /* bbKinectWrapper.cpp */; };
		C82C98C6159FD14400AAEDE0 /* bbTreeLayer.cpp in Sources */ = {isa = PBXBuildFile; fileRef = C82C98C5159FD14400AAEDE0 /* bbTreeLayer.cpp */; };
		C82C9A41159FE14B00AAEDE0 /* bbParticles.cpp in Sources */ = {isa = PBXBuildFile; fileRef = C82C9A40159FE14B00AAEDE0 /* bbParticles.cpp */; };
		C865A6E9159FE47D00C98D5C /* bbIntroLight.cpp in Sources */ = {isa = PBXBuildFile; fileRef = C865A6E7159FE47D00C98D5C /* bbIntroLight.cpp */; };
		C88BB96F15A6BE2700634E79 /* OscBundle.cpp in Sources */ = {isa = PBXBuildFile; fileRef = C88BB96B15A6BE2700634E79 /* OscBundle.cpp */; };
		C88BB97015A6BE2700634E79 /* OscListener.cpp in Sources */ = {isa = PBXBuildFile; fileRef = C88BB96C15A6BE2700634E79 /* OscListener.cpp */; };
		C88BB97115A6BE2700634E79 /* OscMessage.cpp in Sources */ = {isa = PBXBuildFile; fileRef = C88BB96D15A6BE2700634E79 /* OscMessage.cpp */; };
		C88BB97215A6BE2700634E79 /* OscSender.cpp in Sources */ = {isa = PBXBuildFile; fileRef = C88BB96E15A6BE2700634E79 /* OscSender.cpp */; };
		C8CE8EAD15B21C8B0076054E /* TreeFrag.glsl in Resources */ = {isa = PBXBuildFile; fileRef = C8CE8EAB15B21C8B0076054E /* TreeFrag.glsl */; };
		C8CE8EAE15B21C8B0076054E /* TreeVert.glsl in Resources */ = {isa = PBXBuildFile; fileRef = C8CE8EAC15B21C8B0076054E /* TreeVert.glsl */; };
		C8F3035215AD049A00993674 /* trees-with-leaves-aligned-scaled.png in Resources */ = {isa = PBXBuildFile; fileRef = C8F3035115AD049A00993674 /* trees-with-leaves-aligned-scaled.png */; };
		C8F3E25515AD401F005A336F /* particles.png in Resources */ = {isa = PBXBuildFile; fileRef = C8F3E25415AD401F005A336F /* particles.png */; };
		C8F3E25815AD48C0005A336F /* particle_brown.png in Resources */ = {isa = PBXBuildFile; fileRef = C8F3E25615AD48C0005A336F /* particle_brown.png */; };
		C8F3E25915AD48C0005A336F /* particle_yellow.png in Resources */ = {isa = PBXBuildFile; fileRef = C8F3E25715AD48C0005A336F /* particle_yellow.png */; };
/* End PBXBuildFile section */

/* Begin PBXFileReference section */
		0091D8F80E81B9330029341E /* OpenGL.framework */ = {isa = PBXFileReference; lastKnownFileType = wrapper.framework; name = OpenGL.framework; path = /System/Library/Frameworks/OpenGL.framework; sourceTree = "<absolute>"; };
		0097E3E40F3E9819005A4392 /* QuickTime.framework */ = {isa = PBXFileReference; lastKnownFileType = wrapper.framework; name = QuickTime.framework; path = /System/Library/Frameworks/QuickTime.framework; sourceTree = "<absolute>"; };
		00B784AF0FF439BC000DE1D7 /* Accelerate.framework */ = {isa = PBXFileReference; lastKnownFileType = wrapper.framework; name = Accelerate.framework; path = System/Library/Frameworks/Accelerate.framework; sourceTree = SDKROOT; };
		00B784B00FF439BC000DE1D7 /* AudioToolbox.framework */ = {isa = PBXFileReference; lastKnownFileType = wrapper.framework; name = AudioToolbox.framework; path = System/Library/Frameworks/AudioToolbox.framework; sourceTree = SDKROOT; };
		00B784B10FF439BC000DE1D7 /* AudioUnit.framework */ = {isa = PBXFileReference; lastKnownFileType = wrapper.framework; name = AudioUnit.framework; path = System/Library/Frameworks/AudioUnit.framework; sourceTree = SDKROOT; };
		00B784B20FF439BC000DE1D7 /* CoreAudio.framework */ = {isa = PBXFileReference; lastKnownFileType = wrapper.framework; name = CoreAudio.framework; path = System/Library/Frameworks/CoreAudio.framework; sourceTree = SDKROOT; };
		00BAE6590E7ED9C10018A608 /* bobbevyApp.cpp */ = {isa = PBXFileReference; fileEncoding = 4; lastKnownFileType = sourcecode.cpp.cpp; name = bobbevyApp.cpp; path = ../src/bobbevyApp.cpp; sourceTree = SOURCE_ROOT; };
		00CCAF14116A9FEE008396D5 /* CinderApp.icns */ = {isa = PBXFileReference; lastKnownFileType = image.icns; name = CinderApp.icns; path = ../resources/CinderApp.icns; sourceTree = SOURCE_ROOT; };
		1058C7A1FEA54F0111CA2CBB /* Cocoa.framework */ = {isa = PBXFileReference; lastKnownFileType = wrapper.framework; name = Cocoa.framework; path = /System/Library/Frameworks/Cocoa.framework; sourceTree = "<absolute>"; };
		13E42FB307B3F0F600E4EEF1 /* CoreData.framework */ = {isa = PBXFileReference; lastKnownFileType = wrapper.framework; name = CoreData.framework; path = /System/Library/Frameworks/CoreData.framework; sourceTree = "<absolute>"; };
		29B97324FDCFA39411CA2CEA /* AppKit.framework */ = {isa = PBXFileReference; lastKnownFileType = wrapper.framework; name = AppKit.framework; path = /System/Library/Frameworks/AppKit.framework; sourceTree = "<absolute>"; };
		29B97325FDCFA39411CA2CEA /* Foundation.framework */ = {isa = PBXFileReference; lastKnownFileType = wrapper.framework; name = Foundation.framework; path = /System/Library/Frameworks/Foundation.framework; sourceTree = "<absolute>"; };
		32CA4F630368D1EE00C91783 /* bobbevy_Prefix.pch */ = {isa = PBXFileReference; fileEncoding = 4; lastKnownFileType = sourcecode.c.h; path = bobbevy_Prefix.pch; sourceTree = "<group>"; };
		5323E6B10EAFCA74003A9687 /* CoreVideo.framework */ = {isa = PBXFileReference; lastKnownFileType = wrapper.framework; name = CoreVideo.framework; path = /System/Library/Frameworks/CoreVideo.framework; sourceTree = "<absolute>"; };
		5323E6B50EAFCA7E003A9687 /* QTKit.framework */ = {isa = PBXFileReference; lastKnownFileType = wrapper.framework; name = QTKit.framework; path = /System/Library/Frameworks/QTKit.framework; sourceTree = "<absolute>"; };
		53E3CDFB0E86099300238D2B /* Carbon.framework */ = {isa = PBXFileReference; lastKnownFileType = wrapper.framework; name = Carbon.framework; path = /System/Library/Frameworks/Carbon.framework; sourceTree = "<absolute>"; };
		8D1107310486CEB800E47090 /* Info.plist */ = {isa = PBXFileReference; fileEncoding = 4; lastKnownFileType = text.plist.xml; path = Info.plist; sourceTree = "<group>"; };
		8D1107320486CEB800E47090 /* bobbevy.app */ = {isa = PBXFileReference; explicitFileType = wrapper.application; includeInIndex = 0; path = bobbevy.app; sourceTree = BUILT_PRODUCTS_DIR; };
		C805968B15A52A8F00A6D7EC /* blackout.png */ = {isa = PBXFileReference; lastKnownFileType = image.png; name = blackout.png; path = ../resources/blackout.png; sourceTree = "<group>"; };
		C805968C15A52A8F00A6D7EC /* cinder_app_icon.ico */ = {isa = PBXFileReference; lastKnownFileType = image.ico; name = cinder_app_icon.ico; path = ../resources/cinder_app_icon.ico; sourceTree = "<group>"; };
		C805968D15A52A8F00A6D7EC /* IntroLightFrag.glsl */ = {isa = PBXFileReference; fileEncoding = 4; lastKnownFileType = text; name = IntroLightFrag.glsl; path = ../resources/IntroLightFrag.glsl; sourceTree = "<group>"; };
		C805968E15A52A8F00A6D7EC /* IntroLightVert.glsl */ = {isa = PBXFileReference; fileEncoding = 4; lastKnownFileType = text; name = IntroLightVert.glsl; path = ../resources/IntroLightVert.glsl; sourceTree = "<group>"; };
		C805968F15A52A8F00A6D7EC /* overlay.png */ = {isa = PBXFileReference; lastKnownFileType = image.png; name = overlay.png; path = ../resources/overlay.png; sourceTree = "<group>"; };
		C805969015A52A8F00A6D7EC /* sun.png */ = {isa = PBXFileReference; lastKnownFileType = image.png; name = sun.png; path = ../resources/sun.png; sourceTree = "<group>"; };
		C805969115A52A8F00A6D7EC /* tree.png */ = {isa = PBXFileReference; lastKnownFileType = image.png; name = tree.png; path = ../resources/tree.png; sourceTree = "<group>"; };
		C805969215A52A8F00A6D7EC /* trees.png */ = {isa = PBXFileReference; lastKnownFileType = image.png; name = trees.png; path = ../resources/trees.png; sourceTree = "<group>"; };
		C805969315A52A8F00A6D7EC /* zoomToBlack.png */ = {isa = PBXFileReference; lastKnownFileType = image.png; name = zoomToBlack.png; path = ../resources/zoomToBlack.png; sourceTree = "<group>"; };
		C805969D15A52E6900A6D7EC /* FadeFrag.glsl */ = {isa = PBXFileReference; fileEncoding = 4; lastKnownFileType = text; name = FadeFrag.glsl; path = ../resources/FadeFrag.glsl; sourceTree = "<group>"; };
		C811FAFE15A4E62900D036A6 /* AccelEvent.h */ = {isa = PBXFileReference; fileEncoding = 4; lastKnownFileType = sourcecode.c.h; path = AccelEvent.h; sourceTree = "<group>"; };
		C811FAFF15A4E62900D036A6 /* App.h */ = {isa = PBXFileReference; fileEncoding = 4; lastKnownFileType = sourcecode.c.h; path = App.h; sourceTree = "<group>"; };
		C811FB0015A4E62900D036A6 /* AppBasic.h */ = {isa = PBXFileReference; fileEncoding = 4; lastKnownFileType = sourcecode.c.h; path = AppBasic.h; sourceTree = "<group>"; };
		C811FB0115A4E62900D036A6 /* AppCinderView.h */ = {isa = PBXFileReference; fileEncoding = 4; lastKnownFileType = sourcecode.c.h; path = AppCinderView.h; sourceTree = "<group>"; };
		C811FB0215A4E62900D036A6 /* AppCocoaTouch.h */ = {isa = PBXFileReference; fileEncoding = 4; lastKnownFileType = sourcecode.c.h; path = AppCocoaTouch.h; sourceTree = "<group>"; };
		C811FB0315A4E62900D036A6 /* AppImplCocoaBasic.h */ = {isa = PBXFileReference; fileEncoding = 4; lastKnownFileType = sourcecode.c.h; path = AppImplCocoaBasic.h; sourceTree = "<group>"; };
		C811FB0415A4E62900D036A6 /* AppImplCocoaCinderView.h */ = {isa = PBXFileReference; fileEncoding = 4; lastKnownFileType = sourcecode.c.h; path = AppImplCocoaCinderView.h; sourceTree = "<group>"; };
		C811FB0515A4E62900D036A6 /* AppImplCocoaGLView.h */ = {isa = PBXFileReference; fileEncoding = 4; lastKnownFileType = sourcecode.c.h; path = AppImplCocoaGLView.h; sourceTree = "<group>"; };
		C811FB0615A4E62900D036A6 /* AppImplCocoaRendererGl.h */ = {isa = PBXFileReference; fileEncoding = 4; lastKnownFileType = sourcecode.c.h; path = AppImplCocoaRendererGl.h; sourceTree = "<group>"; };
		C811FB0715A4E62900D036A6 /* AppImplCocoaRendererQuartz.h */ = {isa = PBXFileReference; fileEncoding = 4; lastKnownFileType = sourcecode.c.h; path = AppImplCocoaRendererQuartz.h; sourceTree = "<group>"; };
		C811FB0815A4E62900D036A6 /* AppImplCocoaScreenSaver.h */ = {isa = PBXFileReference; fileEncoding = 4; lastKnownFileType = sourcecode.c.h; path = AppImplCocoaScreenSaver.h; sourceTree = "<group>"; };
		C811FB0915A4E62900D036A6 /* AppImplCocoaTouchRendererGl.h */ = {isa = PBXFileReference; fileEncoding = 4; lastKnownFileType = sourcecode.c.h; path = AppImplCocoaTouchRendererGl.h; sourceTree = "<group>"; };
		C811FB0A15A4E62900D036A6 /* AppImplCocoaTouchRendererQuartz.h */ = {isa = PBXFileReference; fileEncoding = 4; lastKnownFileType = sourcecode.c.h; path = AppImplCocoaTouchRendererQuartz.h; sourceTree = "<group>"; };
		C811FB0B15A4E62900D036A6 /* AppImplCocoaView.h */ = {isa = PBXFileReference; fileEncoding = 4; lastKnownFileType = sourcecode.c.h; path = AppImplCocoaView.h; sourceTree = "<group>"; };
		C811FB0C15A4E62900D036A6 /* AppImplMsw.h */ = {isa = PBXFileReference; fileEncoding = 4; lastKnownFileType = sourcecode.c.h; path = AppImplMsw.h; sourceTree = "<group>"; };
		C811FB0D15A4E62900D036A6 /* AppImplMswBasic.h */ = {isa = PBXFileReference; fileEncoding = 4; lastKnownFileType = sourcecode.c.h; path = AppImplMswBasic.h; sourceTree = "<group>"; };
		C811FB0E15A4E62900D036A6 /* AppImplMswRenderer.h */ = {isa = PBXFileReference; fileEncoding = 4; lastKnownFileType = sourcecode.c.h; path = AppImplMswRenderer.h; sourceTree = "<group>"; };
		C811FB0F15A4E62900D036A6 /* AppImplMswRendererGdi.h */ = {isa = PBXFileReference; fileEncoding = 4; lastKnownFileType = sourcecode.c.h; path = AppImplMswRendererGdi.h; sourceTree = "<group>"; };
		C811FB1015A4E62900D036A6 /* AppImplMswRendererGl.h */ = {isa = PBXFileReference; fileEncoding = 4; lastKnownFileType = sourcecode.c.h; path = AppImplMswRendererGl.h; sourceTree = "<group>"; };
		C811FB1115A4E62900D036A6 /* AppImplMswScreenSaver.h */ = {isa = PBXFileReference; fileEncoding = 4; lastKnownFileType = sourcecode.c.h; path = AppImplMswScreenSaver.h; sourceTree = "<group>"; };
		C811FB1215A4E62900D036A6 /* AppNative.h */ = {isa = PBXFileReference; fileEncoding = 4; lastKnownFileType = sourcecode.c.h; path = AppNative.h; sourceTree = "<group>"; };
		C811FB1315A4E62900D036A6 /* AppScreenSaver.h */ = {isa = PBXFileReference; fileEncoding = 4; lastKnownFileType = sourcecode.c.h; path = AppScreenSaver.h; sourceTree = "<group>"; };
		C811FB1415A4E62900D036A6 /* CinderView.h */ = {isa = PBXFileReference; fileEncoding = 4; lastKnownFileType = sourcecode.c.h; path = CinderView.h; sourceTree = "<group>"; };
		C811FB1515A4E62900D036A6 /* CinderViewCocoaTouch.h */ = {isa = PBXFileReference; fileEncoding = 4; lastKnownFileType = sourcecode.c.h; path = CinderViewCocoaTouch.h; sourceTree = "<group>"; };
		C811FB1615A4E62900D036A6 /* Event.h */ = {isa = PBXFileReference; fileEncoding = 4; lastKnownFileType = sourcecode.c.h; path = Event.h; sourceTree = "<group>"; };
		C811FB1715A4E62900D036A6 /* FileDropEvent.h */ = {isa = PBXFileReference; fileEncoding = 4; lastKnownFileType = sourcecode.c.h; path = FileDropEvent.h; sourceTree = "<group>"; };
		C811FB1815A4E62900D036A6 /* KeyEvent.h */ = {isa = PBXFileReference; fileEncoding = 4; lastKnownFileType = sourcecode.c.h; path = KeyEvent.h; sourceTree = "<group>"; };
		C811FB1915A4E62900D036A6 /* MouseEvent.h */ = {isa = PBXFileReference; fileEncoding = 4; lastKnownFileType = sourcecode.c.h; path = MouseEvent.h; sourceTree = "<group>"; };
		C811FB1A15A4E62900D036A6 /* Renderer.h */ = {isa = PBXFileReference; fileEncoding = 4; lastKnownFileType = sourcecode.c.h; path = Renderer.h; sourceTree = "<group>"; };
		C811FB1B15A4E62900D036A6 /* ResizeEvent.h */ = {isa = PBXFileReference; fileEncoding = 4; lastKnownFileType = sourcecode.c.h; path = ResizeEvent.h; sourceTree = "<group>"; };
		C811FB1C15A4E62900D036A6 /* TouchEvent.h */ = {isa = PBXFileReference; fileEncoding = 4; lastKnownFileType = sourcecode.c.h; path = TouchEvent.h; sourceTree = "<group>"; };
		C811FB1D15A4E62900D036A6 /* Arcball.h */ = {isa = PBXFileReference; fileEncoding = 4; lastKnownFileType = sourcecode.c.h; path = Arcball.h; sourceTree = "<group>"; };
		C811FB1E15A4E62900D036A6 /* Area.h */ = {isa = PBXFileReference; fileEncoding = 4; lastKnownFileType = sourcecode.c.h; path = Area.h; sourceTree = "<group>"; };
		C811FB2015A4E62900D036A6 /* Callback.h */ = {isa = PBXFileReference; fileEncoding = 4; lastKnownFileType = sourcecode.c.h; path = Callback.h; sourceTree = "<group>"; };
		C811FB2115A4E62900D036A6 /* CircularBuffer.h */ = {isa = PBXFileReference; fileEncoding = 4; lastKnownFileType = sourcecode.c.h; path = CircularBuffer.h; sourceTree = "<group>"; };
		C811FB2215A4E62900D036A6 /* CocoaCaConverter.h */ = {isa = PBXFileReference; fileEncoding = 4; lastKnownFileType = sourcecode.c.h; path = CocoaCaConverter.h; sourceTree = "<group>"; };
		C811FB2315A4E62900D036A6 /* FftProcessor.h */ = {isa = PBXFileReference; fileEncoding = 4; lastKnownFileType = sourcecode.c.h; path = FftProcessor.h; sourceTree = "<group>"; };
		C811FB2415A4E62900D036A6 /* FftProcessorImplAccelerate.h */ = {isa = PBXFileReference; fileEncoding = 4; lastKnownFileType = sourcecode.c.h; path = FftProcessorImplAccelerate.h; sourceTree = "<group>"; };
		C811FB2515A4E62900D036A6 /* Input.h */ = {isa = PBXFileReference; fileEncoding = 4; lastKnownFileType = sourcecode.c.h; path = Input.h; sourceTree = "<group>"; };
		C811FB2615A4E62900D036A6 /* InputImplAudioUnit.h */ = {isa = PBXFileReference; fileEncoding = 4; lastKnownFileType = sourcecode.c.h; path = InputImplAudioUnit.h; sourceTree = "<group>"; };
		C811FB2715A4E62900D036A6 /* Io.h */ = {isa = PBXFileReference; fileEncoding = 4; lastKnownFileType = sourcecode.c.h; path = Io.h; sourceTree = "<group>"; };
		C811FB2815A4E62900D036A6 /* Output.h */ = {isa = PBXFileReference; fileEncoding = 4; lastKnownFileType = sourcecode.c.h; path = Output.h; sourceTree = "<group>"; };
		C811FB2915A4E62900D036A6 /* OutputImplAudioUnit.h */ = {isa = PBXFileReference; fileEncoding = 4; lastKnownFileType = sourcecode.c.h; path = OutputImplAudioUnit.h; sourceTree = "<group>"; };
		C811FB2A15A4E62900D036A6 /* OutputImplXAudio.h */ = {isa = PBXFileReference; fileEncoding = 4; lastKnownFileType = sourcecode.c.h; path = OutputImplXAudio.h; sourceTree = "<group>"; };
		C811FB2B15A4E62900D036A6 /* PcmBuffer.h */ = {isa = PBXFileReference; fileEncoding = 4; lastKnownFileType = sourcecode.c.h; path = PcmBuffer.h; sourceTree = "<group>"; };
		C811FB2C15A4E62900D036A6 /* SourceFile.h */ = {isa = PBXFileReference; fileEncoding = 4; lastKnownFileType = sourcecode.c.h; path = SourceFile.h; sourceTree = "<group>"; };
		C811FB2D15A4E62900D036A6 /* SourceFileWav.h */ = {isa = PBXFileReference; fileEncoding = 4; lastKnownFileType = sourcecode.c.h; path = SourceFileWav.h; sourceTree = "<group>"; };
		C811FB2E15A4E62900D036A6 /* SourceFileWindowsMedia.h */ = {isa = PBXFileReference; fileEncoding = 4; lastKnownFileType = sourcecode.c.h; path = SourceFileWindowsMedia.h; sourceTree = "<group>"; };
		C811FB2F15A4E62900D036A6 /* AxisAlignedBox.h */ = {isa = PBXFileReference; fileEncoding = 4; lastKnownFileType = sourcecode.c.h; path = AxisAlignedBox.h; sourceTree = "<group>"; };
		C811FB3015A4E62900D036A6 /* BandedMatrix.h */ = {isa = PBXFileReference; fileEncoding = 4; lastKnownFileType = sourcecode.c.h; path = BandedMatrix.h; sourceTree = "<group>"; };
		C811FB3115A4E62900D036A6 /* Base64.h */ = {isa = PBXFileReference; fileEncoding = 4; lastKnownFileType = sourcecode.c.h; path = Base64.h; sourceTree = "<group>"; };
		C811FB3215A4E62900D036A6 /* BSpline.h */ = {isa = PBXFileReference; fileEncoding = 4; lastKnownFileType = sourcecode.c.h; path = BSpline.h; sourceTree = "<group>"; };
		C811FB3315A4E62900D036A6 /* BSplineFit.h */ = {isa = PBXFileReference; fileEncoding = 4; lastKnownFileType = sourcecode.c.h; path = BSplineFit.h; sourceTree = "<group>"; };
		C811FB3415A4E62900D036A6 /* Buffer.h */ = {isa = PBXFileReference; fileEncoding = 4; lastKnownFileType = sourcecode.c.h; path = Buffer.h; sourceTree = "<group>"; };
		C811FB3615A4E62900D036A6 /* Cairo.h */ = {isa = PBXFileReference; fileEncoding = 4; lastKnownFileType = sourcecode.c.h; path = Cairo.h; sourceTree = "<group>"; };
		C811FB3715A4E62900D036A6 /* Camera.h */ = {isa = PBXFileReference; fileEncoding = 4; lastKnownFileType = sourcecode.c.h; path = Camera.h; sourceTree = "<group>"; };
		C811FB3815A4E62900D036A6 /* Capture.h */ = {isa = PBXFileReference; fileEncoding = 4; lastKnownFileType = sourcecode.c.h; path = Capture.h; sourceTree = "<group>"; };
		C811FB3915A4E62900D036A6 /* CaptureImplAvFoundation.h */ = {isa = PBXFileReference; fileEncoding = 4; lastKnownFileType = sourcecode.c.h; path = CaptureImplAvFoundation.h; sourceTree = "<group>"; };
		C811FB3A15A4E62900D036A6 /* CaptureImplDirectShow.h */ = {isa = PBXFileReference; fileEncoding = 4; lastKnownFileType = sourcecode.c.h; path = CaptureImplDirectShow.h; sourceTree = "<group>"; };
		C811FB3B15A4E62900D036A6 /* CaptureImplQtKit.h */ = {isa = PBXFileReference; fileEncoding = 4; lastKnownFileType = sourcecode.c.h; path = CaptureImplQtKit.h; sourceTree = "<group>"; };
		C811FB3C15A4E62900D036A6 /* Channel.h */ = {isa = PBXFileReference; fileEncoding = 4; lastKnownFileType = sourcecode.c.h; path = Channel.h; sourceTree = "<group>"; };
		C811FB3D15A4E62900D036A6 /* ChanTraits.h */ = {isa = PBXFileReference; fileEncoding = 4; lastKnownFileType = sourcecode.c.h; path = ChanTraits.h; sourceTree = "<group>"; };
		C811FB3E15A4E62900D036A6 /* Cinder.h */ = {isa = PBXFileReference; fileEncoding = 4; lastKnownFileType = sourcecode.c.h; path = Cinder.h; sourceTree = "<group>"; };
		C811FB3F15A4E62900D036A6 /* CinderMath.h */ = {isa = PBXFileReference; fileEncoding = 4; lastKnownFileType = sourcecode.c.h; path = CinderMath.h; sourceTree = "<group>"; };
		C811FB4015A4E62900D036A6 /* CinderResources.h */ = {isa = PBXFileReference; fileEncoding = 4; lastKnownFileType = sourcecode.c.h; path = CinderResources.h; sourceTree = "<group>"; };
		C811FB4115A4E62900D036A6 /* Clipboard.h */ = {isa = PBXFileReference; fileEncoding = 4; lastKnownFileType = sourcecode.c.h; path = Clipboard.h; sourceTree = "<group>"; };
		C811FB4315A4E62900D036A6 /* CinderCocoa.h */ = {isa = PBXFileReference; fileEncoding = 4; lastKnownFileType = sourcecode.c.h; path = CinderCocoa.h; sourceTree = "<group>"; };
		C811FB4415A4E62900D036A6 /* CinderCocoaTouch.h */ = {isa = PBXFileReference; fileEncoding = 4; lastKnownFileType = sourcecode.c.h; path = CinderCocoaTouch.h; sourceTree = "<group>"; };
		C811FB4515A4E62900D036A6 /* Color.h */ = {isa = PBXFileReference; fileEncoding = 4; lastKnownFileType = sourcecode.c.h; path = Color.h; sourceTree = "<group>"; };
		C811FB4615A4E62900D036A6 /* DataSource.h */ = {isa = PBXFileReference; fileEncoding = 4; lastKnownFileType = sourcecode.c.h; path = DataSource.h; sourceTree = "<group>"; };
		C811FB4715A4E62900D036A6 /* DataTarget.h */ = {isa = PBXFileReference; fileEncoding = 4; lastKnownFileType = sourcecode.c.h; path = DataTarget.h; sourceTree = "<group>"; };
		C811FB4815A4E62900D036A6 /* Display.h */ = {isa = PBXFileReference; fileEncoding = 4; lastKnownFileType = sourcecode.c.h; path = Display.h; sourceTree = "<group>"; };
		C811FB4915A4E62900D036A6 /* Easing.h */ = {isa = PBXFileReference; fileEncoding = 4; lastKnownFileType = sourcecode.c.h; path = Easing.h; sourceTree = "<group>"; };
		C811FB4A15A4E62900D036A6 /* Exception.h */ = {isa = PBXFileReference; fileEncoding = 4; lastKnownFileType = sourcecode.c.h; path = Exception.h; sourceTree = "<group>"; };
		C811FB4B15A4E62900D036A6 /* Filesystem.h */ = {isa = PBXFileReference; fileEncoding = 4; lastKnownFileType = sourcecode.c.h; path = Filesystem.h; sourceTree = "<group>"; };
		C811FB4C15A4E62900D036A6 /* Filter.h */ = {isa = PBXFileReference; fileEncoding = 4; lastKnownFileType = sourcecode.c.h; path = Filter.h; sourceTree = "<group>"; };
		C811FB4D15A4E62900D036A6 /* Font.h */ = {isa = PBXFileReference; fileEncoding = 4; lastKnownFileType = sourcecode.c.h; path = Font.h; sourceTree = "<group>"; };
		C811FB4E15A4E62900D036A6 /* Frustum.h */ = {isa = PBXFileReference; fileEncoding = 4; lastKnownFileType = sourcecode.c.h; path = Frustum.h; sourceTree = "<group>"; };
		C811FB4F15A4E62900D036A6 /* Function.h */ = {isa = PBXFileReference; fileEncoding = 4; lastKnownFileType = sourcecode.c.h; path = Function.h; sourceTree = "<group>"; };
		C811FB5115A4E62900D036A6 /* DisplayList.h */ = {isa = PBXFileReference; fileEncoding = 4; lastKnownFileType = sourcecode.c.h; path = DisplayList.h; sourceTree = "<group>"; };
		C811FB5215A4E62900D036A6 /* Fbo.h */ = {isa = PBXFileReference; fileEncoding = 4; lastKnownFileType = sourcecode.c.h; path = Fbo.h; sourceTree = "<group>"; };
		C811FB5315A4E62900D036A6 /* gl.h */ = {isa = PBXFileReference; fileEncoding = 4; lastKnownFileType = sourcecode.c.h; path = gl.h; sourceTree = "<group>"; };
		C811FB5415A4E62900D036A6 /* GLee.h */ = {isa = PBXFileReference; fileEncoding = 4; lastKnownFileType = sourcecode.c.h; path = GLee.h; sourceTree = "<group>"; };
		C811FB5515A4E62900D036A6 /* GlslProg.h */ = {isa = PBXFileReference; fileEncoding = 4; lastKnownFileType = sourcecode.c.h; path = GlslProg.h; sourceTree = "<group>"; };
		C811FB5615A4E62900D036A6 /* Light.h */ = {isa = PBXFileReference; fileEncoding = 4; lastKnownFileType = sourcecode.c.h; path = Light.h; sourceTree = "<group>"; };
		C811FB5715A4E62900D036A6 /* Material.h */ = {isa = PBXFileReference; fileEncoding = 4; lastKnownFileType = sourcecode.c.h; path = Material.h; sourceTree = "<group>"; };
		C811FB5815A4E62900D036A6 /* Texture.h */ = {isa = PBXFileReference; fileEncoding = 4; lastKnownFileType = sourcecode.c.h; path = Texture.h; sourceTree = "<group>"; };
		C811FB5915A4E62900D036A6 /* TextureFont.h */ = {isa = PBXFileReference; fileEncoding = 4; lastKnownFileType = sourcecode.c.h; path = TextureFont.h; sourceTree = "<group>"; };
		C811FB5A15A4E62900D036A6 /* TileRender.h */ = {isa = PBXFileReference; fileEncoding = 4; lastKnownFileType = sourcecode.c.h; path = TileRender.h; sourceTree = "<group>"; };
		C811FB5B15A4E62900D036A6 /* Vbo.h */ = {isa = PBXFileReference; fileEncoding = 4; lastKnownFileType = sourcecode.c.h; path = Vbo.h; sourceTree = "<group>"; };
		C811FB5C15A4E62900D036A6 /* ImageIo.h */ = {isa = PBXFileReference; fileEncoding = 4; lastKnownFileType = sourcecode.c.h; path = ImageIo.h; sourceTree = "<group>"; };
		C811FB5D15A4E62900D036A6 /* ImageSourceFileQuartz.h */ = {isa = PBXFileReference; fileEncoding = 4; lastKnownFileType = sourcecode.c.h; path = ImageSourceFileQuartz.h; sourceTree = "<group>"; };
		C811FB5E15A4E62900D036A6 /* ImageSourceFileUiImage.h */ = {isa = PBXFileReference; fileEncoding = 4; lastKnownFileType = sourcecode.c.h; path = ImageSourceFileUiImage.h; sourceTree = "<group>"; };
		C811FB5F15A4E62900D036A6 /* ImageSourceFileWic.h */ = {isa = PBXFileReference; fileEncoding = 4; lastKnownFileType = sourcecode.c.h; path = ImageSourceFileWic.h; sourceTree = "<group>"; };
		C811FB6015A4E62900D036A6 /* ImageSourcePng.h */ = {isa = PBXFileReference; fileEncoding = 4; lastKnownFileType = sourcecode.c.h; path = ImageSourcePng.h; sourceTree = "<group>"; };
		C811FB6115A4E62900D036A6 /* ImageTargetFileQuartz.h */ = {isa = PBXFileReference; fileEncoding = 4; lastKnownFileType = sourcecode.c.h; path = ImageTargetFileQuartz.h; sourceTree = "<group>"; };
		C811FB6215A4E62900D036A6 /* ImageTargetFileUiImage.h */ = {isa = PBXFileReference; fileEncoding = 4; lastKnownFileType = sourcecode.c.h; path = ImageTargetFileUiImage.h; sourceTree = "<group>"; };
		C811FB6315A4E62900D036A6 /* ImageTargetFileWic.h */ = {isa = PBXFileReference; fileEncoding = 4; lastKnownFileType = sourcecode.c.h; path = ImageTargetFileWic.h; sourceTree = "<group>"; };
		C811FB6515A4E62900D036A6 /* Blend.h */ = {isa = PBXFileReference; fileEncoding = 4; lastKnownFileType = sourcecode.c.h; path = Blend.h; sourceTree = "<group>"; };
		C811FB6615A4E62900D036A6 /* EdgeDetect.h */ = {isa = PBXFileReference; fileEncoding = 4; lastKnownFileType = sourcecode.c.h; path = EdgeDetect.h; sourceTree = "<group>"; };
		C811FB6715A4E62900D036A6 /* Fill.h */ = {isa = PBXFileReference; fileEncoding = 4; lastKnownFileType = sourcecode.c.h; path = Fill.h; sourceTree = "<group>"; };
		C811FB6815A4E62900D036A6 /* Flip.h */ = {isa = PBXFileReference; fileEncoding = 4; lastKnownFileType = sourcecode.c.h; path = Flip.h; sourceTree = "<group>"; };
		C811FB6915A4E62900D036A6 /* Grayscale.h */ = {isa = PBXFileReference; fileEncoding = 4; lastKnownFileType = sourcecode.c.h; path = Grayscale.h; sourceTree = "<group>"; };
		C811FB6A15A4E62900D036A6 /* Hdr.h */ = {isa = PBXFileReference; fileEncoding = 4; lastKnownFileType = sourcecode.c.h; path = Hdr.h; sourceTree = "<group>"; };
		C811FB6B15A4E62900D036A6 /* Premultiply.h */ = {isa = PBXFileReference; fileEncoding = 4; lastKnownFileType = sourcecode.c.h; path = Premultiply.h; sourceTree = "<group>"; };
		C811FB6C15A4E62900D036A6 /* Resize.h */ = {isa = PBXFileReference; fileEncoding = 4; lastKnownFileType = sourcecode.c.h; path = Resize.h; sourceTree = "<group>"; };
		C811FB6D15A4E62900D036A6 /* Threshold.h */ = {isa = PBXFileReference; fileEncoding = 4; lastKnownFileType = sourcecode.c.h; path = Threshold.h; sourceTree = "<group>"; };
		C811FB6E15A4E62900D036A6 /* Trim.h */ = {isa = PBXFileReference; fileEncoding = 4; lastKnownFileType = sourcecode.c.h; path = Trim.h; sourceTree = "<group>"; };
		C811FB6F15A4E62900D036A6 /* Json.h */ = {isa = PBXFileReference; fileEncoding = 4; lastKnownFileType = sourcecode.c.h; path = Json.h; sourceTree = "<group>"; };
		C811FB7015A4E62900D036A6 /* KdTree.h */ = {isa = PBXFileReference; fileEncoding = 4; lastKnownFileType = sourcecode.c.h; path = KdTree.h; sourceTree = "<group>"; };
		C811FB7115A4E62900D036A6 /* Matrix.h */ = {isa = PBXFileReference; fileEncoding = 4; lastKnownFileType = sourcecode.c.h; path = Matrix.h; sourceTree = "<group>"; };
		C811FB7215A4E62900D036A6 /* Matrix22.h */ = {isa = PBXFileReference; fileEncoding = 4; lastKnownFileType = sourcecode.c.h; path = Matrix22.h; sourceTree = "<group>"; };
		C811FB7315A4E62900D036A6 /* Matrix33.h */ = {isa = PBXFileReference; fileEncoding = 4; lastKnownFileType = sourcecode.c.h; path = Matrix33.h; sourceTree = "<group>"; };
		C811FB7415A4E62900D036A6 /* Matrix44.h */ = {isa = PBXFileReference; fileEncoding = 4; lastKnownFileType = sourcecode.c.h; path = Matrix44.h; sourceTree = "<group>"; };
		C811FB7515A4E62900D036A6 /* MatrixAlgo.h */ = {isa = PBXFileReference; fileEncoding = 4; lastKnownFileType = sourcecode.c.h; path = MatrixAlgo.h; sourceTree = "<group>"; };
		C811FB7615A4E62900D036A6 /* MayaCamUI.h */ = {isa = PBXFileReference; fileEncoding = 4; lastKnownFileType = sourcecode.c.h; path = MayaCamUI.h; sourceTree = "<group>"; };
		C811FB7815A4E62900D036A6 /* CinderMsw.h */ = {isa = PBXFileReference; fileEncoding = 4; lastKnownFileType = sourcecode.c.h; path = CinderMsw.h; sourceTree = "<group>"; };
		C811FB7915A4E62900D036A6 /* CinderMswGdiPlus.h */ = {isa = PBXFileReference; fileEncoding = 4; lastKnownFileType = sourcecode.c.h; path = CinderMswGdiPlus.h; sourceTree = "<group>"; };
		C811FB7A15A4E62900D036A6 /* OutputDebugStringStream.h */ = {isa = PBXFileReference; fileEncoding = 4; lastKnownFileType = sourcecode.c.h; path = OutputDebugStringStream.h; sourceTree = "<group>"; };
		C811FB7B15A4E62900D036A6 /* StackWalker.h */ = {isa = PBXFileReference; fileEncoding = 4; lastKnownFileType = sourcecode.c.h; path = StackWalker.h; sourceTree = "<group>"; };
		C811FB7C15A4E62900D036A6 /* ObjLoader.h */ = {isa = PBXFileReference; fileEncoding = 4; lastKnownFileType = sourcecode.c.h; path = ObjLoader.h; sourceTree = "<group>"; };
		C811FB7E15A4E62900D036A6 /* Params.h */ = {isa = PBXFileReference; fileEncoding = 4; lastKnownFileType = sourcecode.c.h; path = Params.h; sourceTree = "<group>"; };
		C811FB7F15A4E62900D036A6 /* Path2d.h */ = {isa = PBXFileReference; fileEncoding = 4; lastKnownFileType = sourcecode.c.h; path = Path2d.h; sourceTree = "<group>"; };
		C811FB8015A4E62900D036A6 /* Perlin.h */ = {isa = PBXFileReference; fileEncoding = 4; lastKnownFileType = sourcecode.c.h; path = Perlin.h; sourceTree = "<group>"; };
		C811FB8115A4E62900D036A6 /* Plane.h */ = {isa = PBXFileReference; fileEncoding = 4; lastKnownFileType = sourcecode.c.h; path = Plane.h; sourceTree = "<group>"; };
		C811FB8215A4E62900D036A6 /* PolyLine.h */ = {isa = PBXFileReference; fileEncoding = 4; lastKnownFileType = sourcecode.c.h; path = PolyLine.h; sourceTree = "<group>"; };
		C811FB8415A4E62900D036A6 /* MovieWriter.h */ = {isa = PBXFileReference; fileEncoding = 4; lastKnownFileType = sourcecode.c.h; path = MovieWriter.h; sourceTree = "<group>"; };
		C811FB8515A4E62900D036A6 /* QuickTime.h */ = {isa = PBXFileReference; fileEncoding = 4; lastKnownFileType = sourcecode.c.h; path = QuickTime.h; sourceTree = "<group>"; };
		C811FB8615A4E62900D036A6 /* QuickTimeUtils.h */ = {isa = PBXFileReference; fileEncoding = 4; lastKnownFileType = sourcecode.c.h; path = QuickTimeUtils.h; sourceTree = "<group>"; };
		C811FB8715A4E62900D036A6 /* Quaternion.h */ = {isa = PBXFileReference; fileEncoding = 4; lastKnownFileType = sourcecode.c.h; path = Quaternion.h; sourceTree = "<group>"; };
		C811FB8815A4E62900D036A6 /* Rand.h */ = {isa = PBXFileReference; fileEncoding = 4; lastKnownFileType = sourcecode.c.h; path = Rand.h; sourceTree = "<group>"; };
		C811FB8915A4E62900D036A6 /* Ray.h */ = {isa = PBXFileReference; fileEncoding = 4; lastKnownFileType = sourcecode.c.h; path = Ray.h; sourceTree = "<group>"; };
		C811FB8A15A4E62900D036A6 /* Rect.h */ = {isa = PBXFileReference; fileEncoding = 4; lastKnownFileType = sourcecode.c.h; path = Rect.h; sourceTree = "<group>"; };
		C811FB8B15A4E62900D036A6 /* Serial.h */ = {isa = PBXFileReference; fileEncoding = 4; lastKnownFileType = sourcecode.c.h; path = Serial.h; sourceTree = "<group>"; };
		C811FB8C15A4E62900D036A6 /* Shape2d.h */ = {isa = PBXFileReference; fileEncoding = 4; lastKnownFileType = sourcecode.c.h; path = Shape2d.h; sourceTree = "<group>"; };
		C811FB8D15A4E62900D036A6 /* Sphere.h */ = {isa = PBXFileReference; fileEncoding = 4; lastKnownFileType = sourcecode.c.h; path = Sphere.h; sourceTree = "<group>"; };
		C811FB8E15A4E62900D036A6 /* Stream.h */ = {isa = PBXFileReference; fileEncoding = 4; lastKnownFileType = sourcecode.c.h; path = Stream.h; sourceTree = "<group>"; };
		C811FB8F15A4E62900D036A6 /* Surface.h */ = {isa = PBXFileReference; fileEncoding = 4; lastKnownFileType = sourcecode.c.h; path = Surface.h; sourceTree = "<group>"; };
		C811FB9015A4E62900D036A6 /* System.h */ = {isa = PBXFileReference; fileEncoding = 4; lastKnownFileType = sourcecode.c.h; path = System.h; sourceTree = "<group>"; };
		C811FB9115A4E62900D036A6 /* Text.h */ = {isa = PBXFileReference; fileEncoding = 4; lastKnownFileType = sourcecode.c.h; path = Text.h; sourceTree = "<group>"; };
		C811FB9215A4E62900D036A6 /* Thread.h */ = {isa = PBXFileReference; fileEncoding = 4; lastKnownFileType = sourcecode.c.h; path = Thread.h; sourceTree = "<group>"; };
		C811FB9315A4E62900D036A6 /* Timeline.h */ = {isa = PBXFileReference; fileEncoding = 4; lastKnownFileType = sourcecode.c.h; path = Timeline.h; sourceTree = "<group>"; };
		C811FB9415A4E62900D036A6 /* TimelineItem.h */ = {isa = PBXFileReference; fileEncoding = 4; lastKnownFileType = sourcecode.c.h; path = TimelineItem.h; sourceTree = "<group>"; };
		C811FB9515A4E62900D036A6 /* Timer.h */ = {isa = PBXFileReference; fileEncoding = 4; lastKnownFileType = sourcecode.c.h; path = Timer.h; sourceTree = "<group>"; };
		C811FB9615A4E62900D036A6 /* Triangulate.h */ = {isa = PBXFileReference; fileEncoding = 4; lastKnownFileType = sourcecode.c.h; path = Triangulate.h; sourceTree = "<group>"; };
		C811FB9715A4E62900D036A6 /* TriMesh.h */ = {isa = PBXFileReference; fileEncoding = 4; lastKnownFileType = sourcecode.c.h; path = TriMesh.h; sourceTree = "<group>"; };
		C811FB9815A4E62900D036A6 /* Tween.h */ = {isa = PBXFileReference; fileEncoding = 4; lastKnownFileType = sourcecode.c.h; path = Tween.h; sourceTree = "<group>"; };
		C811FB9915A4E62900D036A6 /* Url.h */ = {isa = PBXFileReference; fileEncoding = 4; lastKnownFileType = sourcecode.c.h; path = Url.h; sourceTree = "<group>"; };
		C811FB9A15A4E62900D036A6 /* UrlImplCocoa.h */ = {isa = PBXFileReference; fileEncoding = 4; lastKnownFileType = sourcecode.c.h; path = UrlImplCocoa.h; sourceTree = "<group>"; };
		C811FB9B15A4E62900D036A6 /* UrlImplCurl.h */ = {isa = PBXFileReference; fileEncoding = 4; lastKnownFileType = sourcecode.c.h; path = UrlImplCurl.h; sourceTree = "<group>"; };
		C811FB9C15A4E62900D036A6 /* UrlImplWinInet.h */ = {isa = PBXFileReference; fileEncoding = 4; lastKnownFileType = sourcecode.c.h; path = UrlImplWinInet.h; sourceTree = "<group>"; };
		C811FB9D15A4E62900D036A6 /* Utilities.h */ = {isa = PBXFileReference; fileEncoding = 4; lastKnownFileType = sourcecode.c.h; path = Utilities.h; sourceTree = "<group>"; };
		C811FB9E15A4E62900D036A6 /* Vector.h */ = {isa = PBXFileReference; fileEncoding = 4; lastKnownFileType = sourcecode.c.h; path = Vector.h; sourceTree = "<group>"; };
		C811FB9F15A4E62900D036A6 /* Xml.h */ = {isa = PBXFileReference; fileEncoding = 4; lastKnownFileType = sourcecode.c.h; path = Xml.h; sourceTree = "<group>"; };
		C811FBA115A4E62900D036A6 /* autolink.h */ = {isa = PBXFileReference; fileEncoding = 4; lastKnownFileType = sourcecode.c.h; path = autolink.h; sourceTree = "<group>"; };
		C811FBA215A4E62900D036A6 /* config.h */ = {isa = PBXFileReference; fileEncoding = 4; lastKnownFileType = sourcecode.c.h; path = config.h; sourceTree = "<group>"; };
		C811FBA315A4E62900D036A6 /* features.h */ = {isa = PBXFileReference; fileEncoding = 4; lastKnownFileType = sourcecode.c.h; path = features.h; sourceTree = "<group>"; };
		C811FBA415A4E62900D036A6 /* forwards.h */ = {isa = PBXFileReference; fileEncoding = 4; lastKnownFileType = sourcecode.c.h; path = forwards.h; sourceTree = "<group>"; };
		C811FBA515A4E62900D036A6 /* json.h */ = {isa = PBXFileReference; fileEncoding = 4; lastKnownFileType = sourcecode.c.h; path = json.h; sourceTree = "<group>"; };
		C811FBA615A4E62900D036A6 /* reader.h */ = {isa = PBXFileReference; fileEncoding = 4; lastKnownFileType = sourcecode.c.h; path = reader.h; sourceTree = "<group>"; };
		C811FBA715A4E62900D036A6 /* value.h */ = {isa = PBXFileReference; fileEncoding = 4; lastKnownFileType = sourcecode.c.h; path = value.h; sourceTree = "<group>"; };
		C811FBA815A4E62900D036A6 /* writer.h */ = {isa = PBXFileReference; fileEncoding = 4; lastKnownFileType = sourcecode.c.h; path = writer.h; sourceTree = "<group>"; };
		C811FBAB15A4E62900D036A6 /* cairo-deprecated.h */ = {isa = PBXFileReference; fileEncoding = 4; lastKnownFileType = sourcecode.c.h; path = "cairo-deprecated.h"; sourceTree = "<group>"; };
		C811FBAC15A4E62900D036A6 /* cairo-features.h */ = {isa = PBXFileReference; fileEncoding = 4; lastKnownFileType = sourcecode.c.h; path = "cairo-features.h"; sourceTree = "<group>"; };
		C811FBAD15A4E62900D036A6 /* cairo-pdf.h */ = {isa = PBXFileReference; fileEncoding = 4; lastKnownFileType = sourcecode.c.h; path = "cairo-pdf.h"; sourceTree = "<group>"; };
		C811FBAE15A4E62900D036A6 /* cairo-ps.h */ = {isa = PBXFileReference; fileEncoding = 4; lastKnownFileType = sourcecode.c.h; path = "cairo-ps.h"; sourceTree = "<group>"; };
		C811FBAF15A4E62900D036A6 /* cairo-quartz.h */ = {isa = PBXFileReference; fileEncoding = 4; lastKnownFileType = sourcecode.c.h; path = "cairo-quartz.h"; sourceTree = "<group>"; };
		C811FBB015A4E62900D036A6 /* cairo-svg.h */ = {isa = PBXFileReference; fileEncoding = 4; lastKnownFileType = sourcecode.c.h; path = "cairo-svg.h"; sourceTree = "<group>"; };
		C811FBB115A4E62900D036A6 /* cairo-version.h */ = {isa = PBXFileReference; fileEncoding = 4; lastKnownFileType = sourcecode.c.h; path = "cairo-version.h"; sourceTree = "<group>"; };
		C811FBB215A4E62900D036A6 /* cairo.h */ = {isa = PBXFileReference; fileEncoding = 4; lastKnownFileType = sourcecode.c.h; path = cairo.h; sourceTree = "<group>"; };
		C811FBB415A4E62900D036A6 /* png.h */ = {isa = PBXFileReference; fileEncoding = 4; lastKnownFileType = sourcecode.c.h; path = png.h; sourceTree = "<group>"; };
		C811FBB515A4E62900D036A6 /* pngconf.h */ = {isa = PBXFileReference; fileEncoding = 4; lastKnownFileType = sourcecode.c.h; path = pngconf.h; sourceTree = "<group>"; };
		C811FBB815A4E62900D036A6 /* cairo-deprecated.h */ = {isa = PBXFileReference; fileEncoding = 4; lastKnownFileType = sourcecode.c.h; path = "cairo-deprecated.h"; sourceTree = "<group>"; };
		C811FBB915A4E62900D036A6 /* cairo-features.h */ = {isa = PBXFileReference; fileEncoding = 4; lastKnownFileType = sourcecode.c.h; path = "cairo-features.h"; sourceTree = "<group>"; };
		C811FBBA15A4E62900D036A6 /* cairo-pdf.h */ = {isa = PBXFileReference; fileEncoding = 4; lastKnownFileType = sourcecode.c.h; path = "cairo-pdf.h"; sourceTree = "<group>"; };
		C811FBBB15A4E62900D036A6 /* cairo-ps.h */ = {isa = PBXFileReference; fileEncoding = 4; lastKnownFileType = sourcecode.c.h; path = "cairo-ps.h"; sourceTree = "<group>"; };
		C811FBBC15A4E62900D036A6 /* cairo-svg.h */ = {isa = PBXFileReference; fileEncoding = 4; lastKnownFileType = sourcecode.c.h; path = "cairo-svg.h"; sourceTree = "<group>"; };
		C811FBBD15A4E62900D036A6 /* cairo-version.h */ = {isa = PBXFileReference; fileEncoding = 4; lastKnownFileType = sourcecode.c.h; path = "cairo-version.h"; sourceTree = "<group>"; };
		C811FBBE15A4E62900D036A6 /* cairo-win32.h */ = {isa = PBXFileReference; fileEncoding = 4; lastKnownFileType = sourcecode.c.h; path = "cairo-win32.h"; sourceTree = "<group>"; };
		C811FBBF15A4E62900D036A6 /* cairo.h */ = {isa = PBXFileReference; fileEncoding = 4; lastKnownFileType = sourcecode.c.h; path = cairo.h; sourceTree = "<group>"; };
		C811FBC115A4E62900D036A6 /* png.h */ = {isa = PBXFileReference; fileEncoding = 4; lastKnownFileType = sourcecode.c.h; path = png.h; sourceTree = "<group>"; };
		C811FBC215A4E62900D036A6 /* pngconf.h */ = {isa = PBXFileReference; fileEncoding = 4; lastKnownFileType = sourcecode.c.h; path = pngconf.h; sourceTree = "<group>"; };
		C811FBC415A4E62900D036A6 /* videoInput.h */ = {isa = PBXFileReference; fileEncoding = 4; lastKnownFileType = sourcecode.c.h; path = videoInput.h; sourceTree = "<group>"; };
		C811FBC615A4E62900D036A6 /* zconf.h */ = {isa = PBXFileReference; fileEncoding = 4; lastKnownFileType = sourcecode.c.h; path = zconf.h; sourceTree = "<group>"; };
		C811FBC715A4E62900D036A6 /* zlib.h */ = {isa = PBXFileReference; fileEncoding = 4; lastKnownFileType = sourcecode.c.h; path = zlib.h; sourceTree = "<group>"; };
		C811FBC915A4E62900D036A6 /* rapidxml.hpp */ = {isa = PBXFileReference; fileEncoding = 4; lastKnownFileType = sourcecode.cpp.h; path = rapidxml.hpp; sourceTree = "<group>"; };
		C811FBCA15A4E62900D036A6 /* rapidxml_print.hpp */ = {isa = PBXFileReference; fileEncoding = 4; lastKnownFileType = sourcecode.cpp.h; path = rapidxml_print.hpp; sourceTree = "<group>"; };
		C811FBCB15A4F41700D036A6 /* bbParticleField.cpp */ = {isa = PBXFileReference; fileEncoding = 4; lastKnownFileType = sourcecode.cpp.cpp; name = bbParticleField.cpp; path = ../src/bbParticleField.cpp; sourceTree = "<group>"; };
		C811FBCD15A4F44800D036A6 /* bbParticleField.h */ = {isa = PBXFileReference; lastKnownFileType = sourcecode.c.h; name = bbParticleField.h; path = ../src/bbParticleField.h; sourceTree = "<group>"; };
		C82C9423159F882500AAEDE0 /* Kinect.cpp */ = {isa = PBXFileReference; fileEncoding = 4; lastKnownFileType = sourcecode.cpp.cpp; name = Kinect.cpp; path = "../../external/Cinder/blocks/Cinder-Kinect/src/Kinect.cpp"; sourceTree = SOURCE_ROOT; };
		C82C9435159F888100AAEDE0 /* IOKit.framework */ = {isa = PBXFileReference; lastKnownFileType = wrapper.framework; name = IOKit.framework; path = System/Library/Frameworks/IOKit.framework; sourceTree = SDKROOT; };
		C82C97A2159FB3A900AAEDE0 /* bbKinectWrapper.h */ = {isa = PBXFileReference; fileEncoding = 4; lastKnownFileType = sourcecode.c.h; name = bbKinectWrapper.h; path = ../src/bbKinectWrapper.h; sourceTree = SOURCE_ROOT; };
		C82C97A3159FB3A900AAEDE0 /* bbKinectWrapper.cpp */ = {isa = PBXFileReference; fileEncoding = 4; lastKnownFileType = sourcecode.cpp.cpp; name = bbKinectWrapper.cpp; path = ../src/bbKinectWrapper.cpp; sourceTree = SOURCE_ROOT; };
		C82C98B6159FD00700AAEDE0 /* sceneLayer.h */ = {isa = PBXFileReference; fileEncoding = 4; lastKnownFileType = sourcecode.c.h; name = sceneLayer.h; path = ../src/sceneLayer.h; sourceTree = SOURCE_ROOT; };
		C82C98C4159FD14400AAEDE0 /* bbTreeLayer.h */ = {isa = PBXFileReference; fileEncoding = 4; lastKnownFileType = sourcecode.c.h; name = bbTreeLayer.h; path = ../src/bbTreeLayer.h; sourceTree = SOURCE_ROOT; };
		C82C98C5159FD14400AAEDE0 /* bbTreeLayer.cpp */ = {isa = PBXFileReference; fileEncoding = 4; lastKnownFileType = sourcecode.cpp.cpp; name = bbTreeLayer.cpp; path = ../src/bbTreeLayer.cpp; sourceTree = SOURCE_ROOT; };
		C82C9A3F159FE14B00AAEDE0 /* bbParticles.h */ = {isa = PBXFileReference; fileEncoding = 4; lastKnownFileType = sourcecode.c.h; name = bbParticles.h; path = ../src/bbParticles.h; sourceTree = SOURCE_ROOT; };
		C82C9A40159FE14B00AAEDE0 /* bbParticles.cpp */ = {isa = PBXFileReference; fileEncoding = 4; lastKnownFileType = sourcecode.cpp.cpp; name = bbParticles.cpp; path = ../src/bbParticles.cpp; sourceTree = SOURCE_ROOT; };
		C865A6E7159FE47D00C98D5C /* bbIntroLight.cpp */ = {isa = PBXFileReference; fileEncoding = 4; lastKnownFileType = sourcecode.cpp.cpp; name = bbIntroLight.cpp; path = ../src/bbIntroLight.cpp; sourceTree = SOURCE_ROOT; };
		C865A6E8159FE47D00C98D5C /* bbIntroLight.h */ = {isa = PBXFileReference; fileEncoding = 4; lastKnownFileType = sourcecode.c.h; name = bbIntroLight.h; path = ../src/bbIntroLight.h; sourceTree = SOURCE_ROOT; };
		C88BB95715A6BE1A00634E79 /* IpEndpointName.h */ = {isa = PBXFileReference; fileEncoding = 4; lastKnownFileType = sourcecode.c.h; path = IpEndpointName.h; sourceTree = "<group>"; };
		C88BB95815A6BE1A00634E79 /* NetworkingUtils.h */ = {isa = PBXFileReference; fileEncoding = 4; lastKnownFileType = sourcecode.c.h; path = NetworkingUtils.h; sourceTree = "<group>"; };
		C88BB95915A6BE1A00634E79 /* PacketListener.h */ = {isa = PBXFileReference; fileEncoding = 4; lastKnownFileType = sourcecode.c.h; path = PacketListener.h; sourceTree = "<group>"; };
		C88BB95A15A6BE1A00634E79 /* TimerListener.h */ = {isa = PBXFileReference; fileEncoding = 4; lastKnownFileType = sourcecode.c.h; path = TimerListener.h; sourceTree = "<group>"; };
		C88BB95B15A6BE1A00634E79 /* UdpSocket.h */ = {isa = PBXFileReference; fileEncoding = 4; lastKnownFileType = sourcecode.c.h; path = UdpSocket.h; sourceTree = "<group>"; };
		C88BB95D15A6BE1A00634E79 /* MessageMappingOscPacketListener.h */ = {isa = PBXFileReference; fileEncoding = 4; lastKnownFileType = sourcecode.c.h; path = MessageMappingOscPacketListener.h; sourceTree = "<group>"; };
		C88BB95E15A6BE1A00634E79 /* OscException.h */ = {isa = PBXFileReference; fileEncoding = 4; lastKnownFileType = sourcecode.c.h; path = OscException.h; sourceTree = "<group>"; };
		C88BB95F15A6BE1A00634E79 /* OscHostEndianness.h */ = {isa = PBXFileReference; fileEncoding = 4; lastKnownFileType = sourcecode.c.h; path = OscHostEndianness.h; sourceTree = "<group>"; };
		C88BB96015A6BE1A00634E79 /* OscOutboundPacketStream.h */ = {isa = PBXFileReference; fileEncoding = 4; lastKnownFileType = sourcecode.c.h; path = OscOutboundPacketStream.h; sourceTree = "<group>"; };
		C88BB96115A6BE1A00634E79 /* OscPacketListener.h */ = {isa = PBXFileReference; fileEncoding = 4; lastKnownFileType = sourcecode.c.h; path = OscPacketListener.h; sourceTree = "<group>"; };
		C88BB96215A6BE1A00634E79 /* OscPrintReceivedElements.h */ = {isa = PBXFileReference; fileEncoding = 4; lastKnownFileType = sourcecode.c.h; path = OscPrintReceivedElements.h; sourceTree = "<group>"; };
		C88BB96315A6BE1A00634E79 /* OscReceivedElements.h */ = {isa = PBXFileReference; fileEncoding = 4; lastKnownFileType = sourcecode.c.h; path = OscReceivedElements.h; sourceTree = "<group>"; };
		C88BB96415A6BE1A00634E79 /* OscTypes.h */ = {isa = PBXFileReference; fileEncoding = 4; lastKnownFileType = sourcecode.c.h; path = OscTypes.h; sourceTree = "<group>"; };
		C88BB96515A6BE1A00634E79 /* OscArg.h */ = {isa = PBXFileReference; fileEncoding = 4; lastKnownFileType = sourcecode.c.h; path = OscArg.h; sourceTree = "<group>"; };
		C88BB96615A6BE1A00634E79 /* OscBundle.h */ = {isa = PBXFileReference; fileEncoding = 4; lastKnownFileType = sourcecode.c.h; path = OscBundle.h; sourceTree = "<group>"; };
		C88BB96715A6BE1A00634E79 /* OscListener.h */ = {isa = PBXFileReference; fileEncoding = 4; lastKnownFileType = sourcecode.c.h; path = OscListener.h; sourceTree = "<group>"; };
		C88BB96815A6BE1A00634E79 /* OscMessage.h */ = {isa = PBXFileReference; fileEncoding = 4; lastKnownFileType = sourcecode.c.h; path = OscMessage.h; sourceTree = "<group>"; };
		C88BB96915A6BE1A00634E79 /* OscSender.h */ = {isa = PBXFileReference; fileEncoding = 4; lastKnownFileType = sourcecode.c.h; path = OscSender.h; sourceTree = "<group>"; };
		C88BB96B15A6BE2700634E79 /* OscBundle.cpp */ = {isa = PBXFileReference; fileEncoding = 4; lastKnownFileType = sourcecode.cpp.cpp; path = OscBundle.cpp; sourceTree = "<group>"; };
		C88BB96C15A6BE2700634E79 /* OscListener.cpp */ = {isa = PBXFileReference; fileEncoding = 4; lastKnownFileType = sourcecode.cpp.cpp; path = OscListener.cpp; sourceTree = "<group>"; };
		C88BB96D15A6BE2700634E79 /* OscMessage.cpp */ = {isa = PBXFileReference; fileEncoding = 4; lastKnownFileType = sourcecode.cpp.cpp; path = OscMessage.cpp; sourceTree = "<group>"; };
		C88BB96E15A6BE2700634E79 /* OscSender.cpp */ = {isa = PBXFileReference; fileEncoding = 4; lastKnownFileType = sourcecode.cpp.cpp; path = OscSender.cpp; sourceTree = "<group>"; };
		C8CE8EAB15B21C8B0076054E /* TreeFrag.glsl */ = {isa = PBXFileReference; fileEncoding = 4; lastKnownFileType = text; name = TreeFrag.glsl; path = ../resources/TreeFrag.glsl; sourceTree = "<group>"; };
		C8CE8EAC15B21C8B0076054E /* TreeVert.glsl */ = {isa = PBXFileReference; fileEncoding = 4; lastKnownFileType = text; name = TreeVert.glsl; path = ../resources/TreeVert.glsl; sourceTree = "<group>"; };
		C8F3035115AD049A00993674 /* trees-with-leaves-aligned-scaled.png */ = {isa = PBXFileReference; lastKnownFileType = image.png; name = "trees-with-leaves-aligned-scaled.png"; path = "../resources/trees-with-leaves-aligned-scaled.png"; sourceTree = "<group>"; };
		C8F3E25415AD401F005A336F /* particles.png */ = {isa = PBXFileReference; lastKnownFileType = image.png; name = particles.png; path = ../resources/particles.png; sourceTree = "<group>"; };
		C8F3E25615AD48C0005A336F /* particle_brown.png */ = {isa = PBXFileReference; lastKnownFileType = image.png; name = particle_brown.png; path = ../resources/particle_brown.png; sourceTree = "<group>"; };
		C8F3E25715AD48C0005A336F /* particle_yellow.png */ = {isa = PBXFileReference; lastKnownFileType = image.png; name = particle_yellow.png; path = ../resources/particle_yellow.png; sourceTree = "<group>"; };
/* End PBXFileReference section */

/* Begin PBXFrameworksBuildPhase section */
		8D11072E0486CEB800E47090 /* Frameworks */ = {
			isa = PBXFrameworksBuildPhase;
			buildActionMask = 2147483647;
			files = (
				8D11072F0486CEB800E47090 /* Cocoa.framework in Frameworks */,
				0091D8F90E81B9330029341E /* OpenGL.framework in Frameworks */,
				53E3CDFC0E86099300238D2B /* Carbon.framework in Frameworks */,
				5323E6B20EAFCA74003A9687 /* CoreVideo.framework in Frameworks */,
				5323E6B60EAFCA7E003A9687 /* QTKit.framework in Frameworks */,
				0097E3E50F3E9819005A4392 /* QuickTime.framework in Frameworks */,
				00B784B30FF439BC000DE1D7 /* Accelerate.framework in Frameworks */,
				00B784B40FF439BC000DE1D7 /* AudioToolbox.framework in Frameworks */,
				00B784B50FF439BC000DE1D7 /* AudioUnit.framework in Frameworks */,
				00B784B60FF439BC000DE1D7 /* CoreAudio.framework in Frameworks */,
				C82C9436159F888100AAEDE0 /* IOKit.framework in Frameworks */,
			);
			runOnlyForDeploymentPostprocessing = 0;
		};
/* End PBXFrameworksBuildPhase section */

/* Begin PBXGroup section */
		080E96DDFE201D6D7F000001 /* Source */ = {
			isa = PBXGroup;
			children = (
				C865A6E7159FE47D00C98D5C /* bbIntroLight.cpp */,
				C865A6E8159FE47D00C98D5C /* bbIntroLight.h */,
				00BAE6590E7ED9C10018A608 /* bobbevyApp.cpp */,
				C82C97A3159FB3A900AAEDE0 /* bbKinectWrapper.cpp */,
				C82C98C5159FD14400AAEDE0 /* bbTreeLayer.cpp */,
				C82C9A3F159FE14B00AAEDE0 /* bbParticles.h */,
				C82C9A40159FE14B00AAEDE0 /* bbParticles.cpp */,
				C811FBCB15A4F41700D036A6 /* bbParticleField.cpp */,
				C811FBCD15A4F44800D036A6 /* bbParticleField.h */,
			);
			name = Source;
			sourceTree = "<group>";
		};
		1058C7A0FEA54F0111CA2CBB /* Linked Frameworks */ = {
			isa = PBXGroup;
			children = (
				C82C9435159F888100AAEDE0 /* IOKit.framework */,
				00B784AF0FF439BC000DE1D7 /* Accelerate.framework */,
				00B784B00FF439BC000DE1D7 /* AudioToolbox.framework */,
				00B784B10FF439BC000DE1D7 /* AudioUnit.framework */,
				00B784B20FF439BC000DE1D7 /* CoreAudio.framework */,
				0097E3E40F3E9819005A4392 /* QuickTime.framework */,
				5323E6B50EAFCA7E003A9687 /* QTKit.framework */,
				5323E6B10EAFCA74003A9687 /* CoreVideo.framework */,
				53E3CDFB0E86099300238D2B /* Carbon.framework */,
				0091D8F80E81B9330029341E /* OpenGL.framework */,
				1058C7A1FEA54F0111CA2CBB /* Cocoa.framework */,
			);
			name = "Linked Frameworks";
			sourceTree = "<group>";
		};
		1058C7A2FEA54F0111CA2CBB /* Other Frameworks */ = {
			isa = PBXGroup;
			children = (
				29B97324FDCFA39411CA2CEA /* AppKit.framework */,
				13E42FB307B3F0F600E4EEF1 /* CoreData.framework */,
				29B97325FDCFA39411CA2CEA /* Foundation.framework */,
			);
			name = "Other Frameworks";
			sourceTree = "<group>";
		};
		19C28FACFE9D520D11CA2CBB /* Products */ = {
			isa = PBXGroup;
			children = (
				8D1107320486CEB800E47090 /* bobbevy.app */,
			);
			name = Products;
			sourceTree = "<group>";
		};
		29B97314FDCFA39411CA2CEA /* bobbevy */ = {
			isa = PBXGroup;
			children = (
				C82C9421159F845400AAEDE0 /* Blocks */,
				29B97315FDCFA39411CA2CEA /* Headers */,
				080E96DDFE201D6D7F000001 /* Source */,
				29B97317FDCFA39411CA2CEA /* Resources */,
				29B97323FDCFA39411CA2CEA /* Frameworks */,
				19C28FACFE9D520D11CA2CBB /* Products */,
			);
			name = bobbevy;
			sourceTree = "<group>";
		};
		29B97315FDCFA39411CA2CEA /* Headers */ = {
			isa = PBXGroup;
			children = (
				C811FAFA15A4E60600D036A6 /* Cinder */,
				C82C98C4159FD14400AAEDE0 /* bbTreeLayer.h */,
				C82C97A2159FB3A900AAEDE0 /* bbKinectWrapper.h */,
				32CA4F630368D1EE00C91783 /* bobbevy_Prefix.pch */,
				C82C98B6159FD00700AAEDE0 /* sceneLayer.h */,
			);
			name = Headers;
			sourceTree = "<group>";
		};
		29B97317FDCFA39411CA2CEA /* Resources */ = {
			isa = PBXGroup;
			children = (
				C8CE8EAB15B21C8B0076054E /* TreeFrag.glsl */,
				C8CE8EAC15B21C8B0076054E /* TreeVert.glsl */,
				C8F3E25615AD48C0005A336F /* particle_brown.png */,
				C8F3E25715AD48C0005A336F /* particle_yellow.png */,
				C8F3E25415AD401F005A336F /* particles.png */,
				C8F3035115AD049A00993674 /* trees-with-leaves-aligned-scaled.png */,
				C805969D15A52E6900A6D7EC /* FadeFrag.glsl */,
				C805968B15A52A8F00A6D7EC /* blackout.png */,
				C805968C15A52A8F00A6D7EC /* cinder_app_icon.ico */,
				C805968D15A52A8F00A6D7EC /* IntroLightFrag.glsl */,
				C805968E15A52A8F00A6D7EC /* IntroLightVert.glsl */,
				C805968F15A52A8F00A6D7EC /* overlay.png */,
				C805969015A52A8F00A6D7EC /* sun.png */,
				C805969115A52A8F00A6D7EC /* tree.png */,
				C805969215A52A8F00A6D7EC /* trees.png */,
				C805969315A52A8F00A6D7EC /* zoomToBlack.png */,
				8D1107310486CEB800E47090 /* Info.plist */,
				00CCAF14116A9FEE008396D5 /* CinderApp.icns */,
			);
			name = Resources;
			sourceTree = "<group>";
		};
		29B97323FDCFA39411CA2CEA /* Frameworks */ = {
			isa = PBXGroup;
			children = (
				1058C7A0FEA54F0111CA2CBB /* Linked Frameworks */,
				1058C7A2FEA54F0111CA2CBB /* Other Frameworks */,
			);
			name = Frameworks;
			sourceTree = "<group>";
		};
		C811FAFA15A4E60600D036A6 /* Cinder */ = {
			isa = PBXGroup;
			children = (
				C811FAFB15A4E62900D036A6 /* include */,
			);
			name = Cinder;
			sourceTree = "<group>";
		};
		C811FAFB15A4E62900D036A6 /* include */ = {
			isa = PBXGroup;
			children = (
				C811FAFC15A4E62900D036A6 /* cinder */,
				C811FBA015A4E62900D036A6 /* json */,
				C811FBA915A4E62900D036A6 /* macosx */,
				C811FBB615A4E62900D036A6 /* msw */,
				C811FBC815A4E62900D036A6 /* rapidxml */,
			);
			name = include;
			path = ../../external/Cinder/include;
			sourceTree = "<group>";
		};
		C811FAFC15A4E62900D036A6 /* cinder */ = {
			isa = PBXGroup;
			children = (
				C811FAFD15A4E62900D036A6 /* app */,
				C811FB1D15A4E62900D036A6 /* Arcball.h */,
				C811FB1E15A4E62900D036A6 /* Area.h */,
				C811FB1F15A4E62900D036A6 /* audio */,
				C811FB2F15A4E62900D036A6 /* AxisAlignedBox.h */,
				C811FB3015A4E62900D036A6 /* BandedMatrix.h */,
				C811FB3115A4E62900D036A6 /* Base64.h */,
				C811FB3215A4E62900D036A6 /* BSpline.h */,
				C811FB3315A4E62900D036A6 /* BSplineFit.h */,
				C811FB3415A4E62900D036A6 /* Buffer.h */,
				C811FB3515A4E62900D036A6 /* cairo */,
				C811FB3715A4E62900D036A6 /* Camera.h */,
				C811FB3815A4E62900D036A6 /* Capture.h */,
				C811FB3915A4E62900D036A6 /* CaptureImplAvFoundation.h */,
				C811FB3A15A4E62900D036A6 /* CaptureImplDirectShow.h */,
				C811FB3B15A4E62900D036A6 /* CaptureImplQtKit.h */,
				C811FB3C15A4E62900D036A6 /* Channel.h */,
				C811FB3D15A4E62900D036A6 /* ChanTraits.h */,
				C811FB3E15A4E62900D036A6 /* Cinder.h */,
				C811FB3F15A4E62900D036A6 /* CinderMath.h */,
				C811FB4015A4E62900D036A6 /* CinderResources.h */,
				C811FB4115A4E62900D036A6 /* Clipboard.h */,
				C811FB4215A4E62900D036A6 /* cocoa */,
				C811FB4515A4E62900D036A6 /* Color.h */,
				C811FB4615A4E62900D036A6 /* DataSource.h */,
				C811FB4715A4E62900D036A6 /* DataTarget.h */,
				C811FB4815A4E62900D036A6 /* Display.h */,
				C811FB4915A4E62900D036A6 /* Easing.h */,
				C811FB4A15A4E62900D036A6 /* Exception.h */,
				C811FB4B15A4E62900D036A6 /* Filesystem.h */,
				C811FB4C15A4E62900D036A6 /* Filter.h */,
				C811FB4D15A4E62900D036A6 /* Font.h */,
				C811FB4E15A4E62900D036A6 /* Frustum.h */,
				C811FB4F15A4E62900D036A6 /* Function.h */,
				C811FB5015A4E62900D036A6 /* gl */,
				C811FB5C15A4E62900D036A6 /* ImageIo.h */,
				C811FB5D15A4E62900D036A6 /* ImageSourceFileQuartz.h */,
				C811FB5E15A4E62900D036A6 /* ImageSourceFileUiImage.h */,
				C811FB5F15A4E62900D036A6 /* ImageSourceFileWic.h */,
				C811FB6015A4E62900D036A6 /* ImageSourcePng.h */,
				C811FB6115A4E62900D036A6 /* ImageTargetFileQuartz.h */,
				C811FB6215A4E62900D036A6 /* ImageTargetFileUiImage.h */,
				C811FB6315A4E62900D036A6 /* ImageTargetFileWic.h */,
				C811FB6415A4E62900D036A6 /* ip */,
				C811FB6F15A4E62900D036A6 /* Json.h */,
				C811FB7015A4E62900D036A6 /* KdTree.h */,
				C811FB7115A4E62900D036A6 /* Matrix.h */,
				C811FB7215A4E62900D036A6 /* Matrix22.h */,
				C811FB7315A4E62900D036A6 /* Matrix33.h */,
				C811FB7415A4E62900D036A6 /* Matrix44.h */,
				C811FB7515A4E62900D036A6 /* MatrixAlgo.h */,
				C811FB7615A4E62900D036A6 /* MayaCamUI.h */,
				C811FB7715A4E62900D036A6 /* msw */,
				C811FB7C15A4E62900D036A6 /* ObjLoader.h */,
				C811FB7D15A4E62900D036A6 /* params */,
				C811FB7F15A4E62900D036A6 /* Path2d.h */,
				C811FB8015A4E62900D036A6 /* Perlin.h */,
				C811FB8115A4E62900D036A6 /* Plane.h */,
				C811FB8215A4E62900D036A6 /* PolyLine.h */,
				C811FB8315A4E62900D036A6 /* qtime */,
				C811FB8715A4E62900D036A6 /* Quaternion.h */,
				C811FB8815A4E62900D036A6 /* Rand.h */,
				C811FB8915A4E62900D036A6 /* Ray.h */,
				C811FB8A15A4E62900D036A6 /* Rect.h */,
				C811FB8B15A4E62900D036A6 /* Serial.h */,
				C811FB8C15A4E62900D036A6 /* Shape2d.h */,
				C811FB8D15A4E62900D036A6 /* Sphere.h */,
				C811FB8E15A4E62900D036A6 /* Stream.h */,
				C811FB8F15A4E62900D036A6 /* Surface.h */,
				C811FB9015A4E62900D036A6 /* System.h */,
				C811FB9115A4E62900D036A6 /* Text.h */,
				C811FB9215A4E62900D036A6 /* Thread.h */,
				C811FB9315A4E62900D036A6 /* Timeline.h */,
				C811FB9415A4E62900D036A6 /* TimelineItem.h */,
				C811FB9515A4E62900D036A6 /* Timer.h */,
				C811FB9615A4E62900D036A6 /* Triangulate.h */,
				C811FB9715A4E62900D036A6 /* TriMesh.h */,
				C811FB9815A4E62900D036A6 /* Tween.h */,
				C811FB9915A4E62900D036A6 /* Url.h */,
				C811FB9A15A4E62900D036A6 /* UrlImplCocoa.h */,
				C811FB9B15A4E62900D036A6 /* UrlImplCurl.h */,
				C811FB9C15A4E62900D036A6 /* UrlImplWinInet.h */,
				C811FB9D15A4E62900D036A6 /* Utilities.h */,
				C811FB9E15A4E62900D036A6 /* Vector.h */,
				C811FB9F15A4E62900D036A6 /* Xml.h */,
			);
			path = cinder;
			sourceTree = "<group>";
		};
		C811FAFD15A4E62900D036A6 /* app */ = {
			isa = PBXGroup;
			children = (
				C811FAFE15A4E62900D036A6 /* AccelEvent.h */,
				C811FAFF15A4E62900D036A6 /* App.h */,
				C811FB0015A4E62900D036A6 /* AppBasic.h */,
				C811FB0115A4E62900D036A6 /* AppCinderView.h */,
				C811FB0215A4E62900D036A6 /* AppCocoaTouch.h */,
				C811FB0315A4E62900D036A6 /* AppImplCocoaBasic.h */,
				C811FB0415A4E62900D036A6 /* AppImplCocoaCinderView.h */,
				C811FB0515A4E62900D036A6 /* AppImplCocoaGLView.h */,
				C811FB0615A4E62900D036A6 /* AppImplCocoaRendererGl.h */,
				C811FB0715A4E62900D036A6 /* AppImplCocoaRendererQuartz.h */,
				C811FB0815A4E62900D036A6 /* AppImplCocoaScreenSaver.h */,
				C811FB0915A4E62900D036A6 /* AppImplCocoaTouchRendererGl.h */,
				C811FB0A15A4E62900D036A6 /* AppImplCocoaTouchRendererQuartz.h */,
				C811FB0B15A4E62900D036A6 /* AppImplCocoaView.h */,
				C811FB0C15A4E62900D036A6 /* AppImplMsw.h */,
				C811FB0D15A4E62900D036A6 /* AppImplMswBasic.h */,
				C811FB0E15A4E62900D036A6 /* AppImplMswRenderer.h */,
				C811FB0F15A4E62900D036A6 /* AppImplMswRendererGdi.h */,
				C811FB1015A4E62900D036A6 /* AppImplMswRendererGl.h */,
				C811FB1115A4E62900D036A6 /* AppImplMswScreenSaver.h */,
				C811FB1215A4E62900D036A6 /* AppNative.h */,
				C811FB1315A4E62900D036A6 /* AppScreenSaver.h */,
				C811FB1415A4E62900D036A6 /* CinderView.h */,
				C811FB1515A4E62900D036A6 /* CinderViewCocoaTouch.h */,
				C811FB1615A4E62900D036A6 /* Event.h */,
				C811FB1715A4E62900D036A6 /* FileDropEvent.h */,
				C811FB1815A4E62900D036A6 /* KeyEvent.h */,
				C811FB1915A4E62900D036A6 /* MouseEvent.h */,
				C811FB1A15A4E62900D036A6 /* Renderer.h */,
				C811FB1B15A4E62900D036A6 /* ResizeEvent.h */,
				C811FB1C15A4E62900D036A6 /* TouchEvent.h */,
			);
			path = app;
			sourceTree = "<group>";
		};
		C811FB1F15A4E62900D036A6 /* audio */ = {
			isa = PBXGroup;
			children = (
				C811FB2015A4E62900D036A6 /* Callback.h */,
				C811FB2115A4E62900D036A6 /* CircularBuffer.h */,
				C811FB2215A4E62900D036A6 /* CocoaCaConverter.h */,
				C811FB2315A4E62900D036A6 /* FftProcessor.h */,
				C811FB2415A4E62900D036A6 /* FftProcessorImplAccelerate.h */,
				C811FB2515A4E62900D036A6 /* Input.h */,
				C811FB2615A4E62900D036A6 /* InputImplAudioUnit.h */,
				C811FB2715A4E62900D036A6 /* Io.h */,
				C811FB2815A4E62900D036A6 /* Output.h */,
				C811FB2915A4E62900D036A6 /* OutputImplAudioUnit.h */,
				C811FB2A15A4E62900D036A6 /* OutputImplXAudio.h */,
				C811FB2B15A4E62900D036A6 /* PcmBuffer.h */,
				C811FB2C15A4E62900D036A6 /* SourceFile.h */,
				C811FB2D15A4E62900D036A6 /* SourceFileWav.h */,
				C811FB2E15A4E62900D036A6 /* SourceFileWindowsMedia.h */,
			);
			path = audio;
			sourceTree = "<group>";
		};
		C811FB3515A4E62900D036A6 /* cairo */ = {
			isa = PBXGroup;
			children = (
				C811FB3615A4E62900D036A6 /* Cairo.h */,
			);
			path = cairo;
			sourceTree = "<group>";
		};
		C811FB4215A4E62900D036A6 /* cocoa */ = {
			isa = PBXGroup;
			children = (
				C811FB4315A4E62900D036A6 /* CinderCocoa.h */,
				C811FB4415A4E62900D036A6 /* CinderCocoaTouch.h */,
			);
			path = cocoa;
			sourceTree = "<group>";
		};
		C811FB5015A4E62900D036A6 /* gl */ = {
			isa = PBXGroup;
			children = (
				C811FB5115A4E62900D036A6 /* DisplayList.h */,
				C811FB5215A4E62900D036A6 /* Fbo.h */,
				C811FB5315A4E62900D036A6 /* gl.h */,
				C811FB5415A4E62900D036A6 /* GLee.h */,
				C811FB5515A4E62900D036A6 /* GlslProg.h */,
				C811FB5615A4E62900D036A6 /* Light.h */,
				C811FB5715A4E62900D036A6 /* Material.h */,
				C811FB5815A4E62900D036A6 /* Texture.h */,
				C811FB5915A4E62900D036A6 /* TextureFont.h */,
				C811FB5A15A4E62900D036A6 /* TileRender.h */,
				C811FB5B15A4E62900D036A6 /* Vbo.h */,
			);
			path = gl;
			sourceTree = "<group>";
		};
		C811FB6415A4E62900D036A6 /* ip */ = {
			isa = PBXGroup;
			children = (
				C811FB6515A4E62900D036A6 /* Blend.h */,
				C811FB6615A4E62900D036A6 /* EdgeDetect.h */,
				C811FB6715A4E62900D036A6 /* Fill.h */,
				C811FB6815A4E62900D036A6 /* Flip.h */,
				C811FB6915A4E62900D036A6 /* Grayscale.h */,
				C811FB6A15A4E62900D036A6 /* Hdr.h */,
				C811FB6B15A4E62900D036A6 /* Premultiply.h */,
				C811FB6C15A4E62900D036A6 /* Resize.h */,
				C811FB6D15A4E62900D036A6 /* Threshold.h */,
				C811FB6E15A4E62900D036A6 /* Trim.h */,
			);
			path = ip;
			sourceTree = "<group>";
		};
		C811FB7715A4E62900D036A6 /* msw */ = {
			isa = PBXGroup;
			children = (
				C811FB7815A4E62900D036A6 /* CinderMsw.h */,
				C811FB7915A4E62900D036A6 /* CinderMswGdiPlus.h */,
				C811FB7A15A4E62900D036A6 /* OutputDebugStringStream.h */,
				C811FB7B15A4E62900D036A6 /* StackWalker.h */,
			);
			path = msw;
			sourceTree = "<group>";
		};
		C811FB7D15A4E62900D036A6 /* params */ = {
			isa = PBXGroup;
			children = (
				C811FB7E15A4E62900D036A6 /* Params.h */,
			);
			path = params;
			sourceTree = "<group>";
		};
		C811FB8315A4E62900D036A6 /* qtime */ = {
			isa = PBXGroup;
			children = (
				C811FB8415A4E62900D036A6 /* MovieWriter.h */,
				C811FB8515A4E62900D036A6 /* QuickTime.h */,
				C811FB8615A4E62900D036A6 /* QuickTimeUtils.h */,
			);
			path = qtime;
			sourceTree = "<group>";
		};
		C811FBA015A4E62900D036A6 /* json */ = {
			isa = PBXGroup;
			children = (
				C811FBA115A4E62900D036A6 /* autolink.h */,
				C811FBA215A4E62900D036A6 /* config.h */,
				C811FBA315A4E62900D036A6 /* features.h */,
				C811FBA415A4E62900D036A6 /* forwards.h */,
				C811FBA515A4E62900D036A6 /* json.h */,
				C811FBA615A4E62900D036A6 /* reader.h */,
				C811FBA715A4E62900D036A6 /* value.h */,
				C811FBA815A4E62900D036A6 /* writer.h */,
			);
			path = json;
			sourceTree = "<group>";
		};
		C811FBA915A4E62900D036A6 /* macosx */ = {
			isa = PBXGroup;
			children = (
				C811FBAA15A4E62900D036A6 /* cairo */,
				C811FBB315A4E62900D036A6 /* png */,
			);
			path = macosx;
			sourceTree = "<group>";
		};
		C811FBAA15A4E62900D036A6 /* cairo */ = {
			isa = PBXGroup;
			children = (
				C811FBAB15A4E62900D036A6 /* cairo-deprecated.h */,
				C811FBAC15A4E62900D036A6 /* cairo-features.h */,
				C811FBAD15A4E62900D036A6 /* cairo-pdf.h */,
				C811FBAE15A4E62900D036A6 /* cairo-ps.h */,
				C811FBAF15A4E62900D036A6 /* cairo-quartz.h */,
				C811FBB015A4E62900D036A6 /* cairo-svg.h */,
				C811FBB115A4E62900D036A6 /* cairo-version.h */,
				C811FBB215A4E62900D036A6 /* cairo.h */,
			);
			path = cairo;
			sourceTree = "<group>";
		};
		C811FBB315A4E62900D036A6 /* png */ = {
			isa = PBXGroup;
			children = (
				C811FBB415A4E62900D036A6 /* png.h */,
				C811FBB515A4E62900D036A6 /* pngconf.h */,
			);
			path = png;
			sourceTree = "<group>";
		};
		C811FBB615A4E62900D036A6 /* msw */ = {
			isa = PBXGroup;
			children = (
				C811FBB715A4E62900D036A6 /* cairo */,
				C811FBC015A4E62900D036A6 /* png */,
				C811FBC315A4E62900D036A6 /* videoInput */,
				C811FBC515A4E62900D036A6 /* zlib */,
			);
			path = msw;
			sourceTree = "<group>";
		};
		C811FBB715A4E62900D036A6 /* cairo */ = {
			isa = PBXGroup;
			children = (
				C811FBB815A4E62900D036A6 /* cairo-deprecated.h */,
				C811FBB915A4E62900D036A6 /* cairo-features.h */,
				C811FBBA15A4E62900D036A6 /* cairo-pdf.h */,
				C811FBBB15A4E62900D036A6 /* cairo-ps.h */,
				C811FBBC15A4E62900D036A6 /* cairo-svg.h */,
				C811FBBD15A4E62900D036A6 /* cairo-version.h */,
				C811FBBE15A4E62900D036A6 /* cairo-win32.h */,
				C811FBBF15A4E62900D036A6 /* cairo.h */,
			);
			path = cairo;
			sourceTree = "<group>";
		};
		C811FBC015A4E62900D036A6 /* png */ = {
			isa = PBXGroup;
			children = (
				C811FBC115A4E62900D036A6 /* png.h */,
				C811FBC215A4E62900D036A6 /* pngconf.h */,
			);
			path = png;
			sourceTree = "<group>";
		};
		C811FBC315A4E62900D036A6 /* videoInput */ = {
			isa = PBXGroup;
			children = (
				C811FBC415A4E62900D036A6 /* videoInput.h */,
			);
			path = videoInput;
			sourceTree = "<group>";
		};
		C811FBC515A4E62900D036A6 /* zlib */ = {
			isa = PBXGroup;
			children = (
				C811FBC615A4E62900D036A6 /* zconf.h */,
				C811FBC715A4E62900D036A6 /* zlib.h */,
			);
			path = zlib;
			sourceTree = "<group>";
		};
		C811FBC815A4E62900D036A6 /* rapidxml */ = {
			isa = PBXGroup;
			children = (
				C811FBC915A4E62900D036A6 /* rapidxml.hpp */,
				C811FBCA15A4E62900D036A6 /* rapidxml_print.hpp */,
			);
			path = rapidxml;
			sourceTree = "<group>";
		};
		C82C9421159F845400AAEDE0 /* Blocks */ = {
			isa = PBXGroup;
			children = (
				C88BB95115A6BDDE00634E79 /* osc */,
				C82C9422159F845900AAEDE0 /* Kinect */,
			);
			name = Blocks;
			sourceTree = "<group>";
		};
		C82C9422159F845900AAEDE0 /* Kinect */ = {
			isa = PBXGroup;
			children = (
				C82C9423159F882500AAEDE0 /* Kinect.cpp */,
			);
			name = Kinect;
			sourceTree = "<group>";
		};
		C88BB95115A6BDDE00634E79 /* osc */ = {
			isa = PBXGroup;
			children = (
				C88BB96A15A6BE2700634E79 /* src */,
				C88BB95515A6BE1A00634E79 /* include */,
			);
			name = osc;
			sourceTree = "<group>";
		};
		C88BB95515A6BE1A00634E79 /* include */ = {
			isa = PBXGroup;
			children = (
				C88BB95615A6BE1A00634E79 /* ip */,
				C88BB95C15A6BE1A00634E79 /* osc */,
				C88BB96515A6BE1A00634E79 /* OscArg.h */,
				C88BB96615A6BE1A00634E79 /* OscBundle.h */,
				C88BB96715A6BE1A00634E79 /* OscListener.h */,
				C88BB96815A6BE1A00634E79 /* OscMessage.h */,
				C88BB96915A6BE1A00634E79 /* OscSender.h */,
			);
			name = include;
			path = ../../external/Cinder/blocks/osc/include;
			sourceTree = "<group>";
		};
		C88BB95615A6BE1A00634E79 /* ip */ = {
			isa = PBXGroup;
			children = (
				C88BB95715A6BE1A00634E79 /* IpEndpointName.h */,
				C88BB95815A6BE1A00634E79 /* NetworkingUtils.h */,
				C88BB95915A6BE1A00634E79 /* PacketListener.h */,
				C88BB95A15A6BE1A00634E79 /* TimerListener.h */,
				C88BB95B15A6BE1A00634E79 /* UdpSocket.h */,
			);
			path = ip;
			sourceTree = "<group>";
		};
		C88BB95C15A6BE1A00634E79 /* osc */ = {
			isa = PBXGroup;
			children = (
				C88BB95D15A6BE1A00634E79 /* MessageMappingOscPacketListener.h */,
				C88BB95E15A6BE1A00634E79 /* OscException.h */,
				C88BB95F15A6BE1A00634E79 /* OscHostEndianness.h */,
				C88BB96015A6BE1A00634E79 /* OscOutboundPacketStream.h */,
				C88BB96115A6BE1A00634E79 /* OscPacketListener.h */,
				C88BB96215A6BE1A00634E79 /* OscPrintReceivedElements.h */,
				C88BB96315A6BE1A00634E79 /* OscReceivedElements.h */,
				C88BB96415A6BE1A00634E79 /* OscTypes.h */,
			);
			path = osc;
			sourceTree = "<group>";
		};
		C88BB96A15A6BE2700634E79 /* src */ = {
			isa = PBXGroup;
			children = (
				C88BB96B15A6BE2700634E79 /* OscBundle.cpp */,
				C88BB96C15A6BE2700634E79 /* OscListener.cpp */,
				C88BB96D15A6BE2700634E79 /* OscMessage.cpp */,
				C88BB96E15A6BE2700634E79 /* OscSender.cpp */,
			);
			name = src;
			path = ../../external/Cinder/blocks/osc/src;
			sourceTree = "<group>";
		};
/* End PBXGroup section */

/* Begin PBXNativeTarget section */
		8D1107260486CEB800E47090 /* bobbevy */ = {
			isa = PBXNativeTarget;
			buildConfigurationList = C01FCF4A08A954540054247B /* Build configuration list for PBXNativeTarget "bobbevy" */;
			buildPhases = (
				8D1107290486CEB800E47090 /* Resources */,
				8D11072C0486CEB800E47090 /* Sources */,
				8D11072E0486CEB800E47090 /* Frameworks */,
			);
			buildRules = (
			);
			dependencies = (
			);
			name = bobbevy;
			productInstallPath = "$(HOME)/Applications";
			productName = bobbevy;
			productReference = 8D1107320486CEB800E47090 /* bobbevy.app */;
			productType = "com.apple.product-type.application";
		};
/* End PBXNativeTarget section */

/* Begin PBXProject section */
		29B97313FDCFA39411CA2CEA /* Project object */ = {
			isa = PBXProject;
			buildConfigurationList = C01FCF4E08A954540054247B /* Build configuration list for PBXProject "bobbevy" */;
			compatibilityVersion = "Xcode 3.0";
			developmentRegion = English;
			hasScannedForEncodings = 1;
			knownRegions = (
				English,
				Japanese,
				French,
				German,
			);
			mainGroup = 29B97314FDCFA39411CA2CEA /* bobbevy */;
			projectDirPath = "";
			projectRoot = "";
			targets = (
				8D1107260486CEB800E47090 /* bobbevy */,
			);
		};
/* End PBXProject section */

/* Begin PBXResourcesBuildPhase section */
		8D1107290486CEB800E47090 /* Resources */ = {
			isa = PBXResourcesBuildPhase;
			buildActionMask = 2147483647;
			files = (
				00CCAF15116A9FEE008396D5 /* CinderApp.icns in Resources */,
				C805969415A52A8F00A6D7EC /* blackout.png in Resources */,
				C805969515A52A8F00A6D7EC /* cinder_app_icon.ico in Resources */,
				C805969615A52A8F00A6D7EC /* IntroLightFrag.glsl in Resources */,
				C805969715A52A8F00A6D7EC /* IntroLightVert.glsl in Resources */,
				C805969815A52A8F00A6D7EC /* overlay.png in Resources */,
				C805969915A52A8F00A6D7EC /* sun.png in Resources */,
				C805969A15A52A8F00A6D7EC /* tree.png in Resources */,
				C805969B15A52A8F00A6D7EC /* trees.png in Resources */,
				C805969C15A52A8F00A6D7EC /* zoomToBlack.png in Resources */,
				C805969E15A52E6900A6D7EC /* FadeFrag.glsl in Resources */,
				C8F3035215AD049A00993674 /* trees-with-leaves-aligned-scaled.png in Resources */,
				C8F3E25515AD401F005A336F /* particles.png in Resources */,
				C8F3E25815AD48C0005A336F /* particle_brown.png in Resources */,
				C8F3E25915AD48C0005A336F /* particle_yellow.png in Resources */,
				C8CE8EAD15B21C8B0076054E /* TreeFrag.glsl in Resources */,
				C8CE8EAE15B21C8B0076054E /* TreeVert.glsl in Resources */,
			);
			runOnlyForDeploymentPostprocessing = 0;
		};
/* End PBXResourcesBuildPhase section */

/* Begin PBXSourcesBuildPhase section */
		8D11072C0486CEB800E47090 /* Sources */ = {
			isa = PBXSourcesBuildPhase;
			buildActionMask = 2147483647;
			files = (
				00BAE65A0E7ED9C10018A608 /* bobbevyApp.cpp in Sources */,
				C82C9424159F882500AAEDE0 /* Kinect.cpp in Sources */,
				C82C97A4159FB3A900AAEDE0 /* bbKinectWrapper.cpp in Sources */,
				C82C98C6159FD14400AAEDE0 /* bbTreeLayer.cpp in Sources */,
				C82C9A41159FE14B00AAEDE0 /* bbParticles.cpp in Sources */,
				C865A6E9159FE47D00C98D5C /* bbIntroLight.cpp in Sources */,
				C811FBCC15A4F41700D036A6 /* bbParticleField.cpp in Sources */,
				C88BB96F15A6BE2700634E79 /* OscBundle.cpp in Sources */,
				C88BB97015A6BE2700634E79 /* OscListener.cpp in Sources */,
				C88BB97115A6BE2700634E79 /* OscMessage.cpp in Sources */,
				C88BB97215A6BE2700634E79 /* OscSender.cpp in Sources */,
			);
			runOnlyForDeploymentPostprocessing = 0;
		};
/* End PBXSourcesBuildPhase section */

/* Begin XCBuildConfiguration section */
		C01FCF4B08A954540054247B /* Debug */ = {
			isa = XCBuildConfiguration;
			buildSettings = {
				COPY_PHASE_STRIP = NO;
				GCC_DYNAMIC_NO_PIC = NO;
				GCC_ENABLE_FIX_AND_CONTINUE = YES;
				GCC_INLINES_ARE_PRIVATE_EXTERN = NO;
				GCC_MODEL_TUNING = G5;
				GCC_OPTIMIZATION_LEVEL = 0;
				GCC_PRECOMPILE_PREFIX_HEADER = YES;
				GCC_PREFIX_HEADER = bobbevy_Prefix.pch;
				GCC_SYMBOLS_PRIVATE_EXTERN = NO;
				INFOPLIST_FILE = Info.plist;
				INSTALL_PATH = "$(HOME)/Applications";
				OTHER_LDFLAGS = (
					"\"$(CINDER_PATH)/blocks/Cinder-Kinect/lib/macosx/libfreenect.a\"",
					"\"$(CINDER_PATH)/blocks/Cinder-Kinect/lib/macosx/libusb-1.0.a\"",
					"\"$(CINDER_PATH)/blocks/Cinder-OpenCV/lib/macosx/libopencv_core.a\"",
					"\"$(CINDER_PATH)/blocks/Cinder-OpenCV/lib/macosx/libopencv_imgproc.a\"",
					"\"$(CINDER_PATH)/lib/libcinder_d.a\"",
					"-lcurl",
					"$(CINDER_PATH)/blocks/osc/lib/macosx/osc.a",
				);
				PRODUCT_NAME = bobbevy;
				WRAPPER_EXTENSION = app;
			};
			name = Debug;
		};
		C01FCF4C08A954540054247B /* Release */ = {
			isa = XCBuildConfiguration;
			buildSettings = {
				DEAD_CODE_STRIPPING = YES;
				DEBUG_INFORMATION_FORMAT = "dwarf-with-dsym";
				GCC_FAST_MATH = YES;
				GCC_GENERATE_DEBUGGING_SYMBOLS = NO;
				GCC_INLINES_ARE_PRIVATE_EXTERN = NO;
				GCC_MODEL_TUNING = G5;
				GCC_OPTIMIZATION_LEVEL = 3;
				GCC_PRECOMPILE_PREFIX_HEADER = YES;
				GCC_PREFIX_HEADER = bobbevy_Prefix.pch;
				GCC_SYMBOLS_PRIVATE_EXTERN = NO;
				INFOPLIST_FILE = Info.plist;
				INSTALL_PATH = "$(HOME)/Applications";
				OTHER_LDFLAGS = (
					"\"$(CINDER_PATH)/blocks/Cinder-Kinect/lib/macosx/libusb-1.0.a\"",
					"\"$(CINDER_PATH)/blocks/Cinder-Kinect/lib/macosx/libfreenect.a\"",
					"\"$(CINDER_PATH)/blocks/Cinder-OpenCV/lib/macosx/libopencv_imgproc.a\"",
					"\"$(CINDER_PATH)/blocks/Cinder-OpenCV/lib/macosx/libopencv_core.a\"",
					"\"$(CINDER_PATH)/lib/libcinder.a\"",
					"$(CINDER_PATH)/blocks/osc/lib/macosx/osc.a",
					"-lcurl",
				);
				PRODUCT_NAME = bobbevy;
				STRIP_INSTALLED_PRODUCT = YES;
				WRAPPER_EXTENSION = app;
			};
			name = Release;
		};
		C01FCF4F08A954540054247B /* Debug */ = {
			isa = XCBuildConfiguration;
			buildSettings = {
				ALWAYS_SEARCH_USER_PATHS = NO;
				ARCHS = i386;
				CINDER_PATH = ../../external/Cinder;
				GCC_WARN_ABOUT_RETURN_TYPE = YES;
				GCC_WARN_UNUSED_VARIABLE = YES;
				HEADER_SEARCH_PATHS = "\"$(CINDER_PATH)/boost\"";
				MACOSX_DEPLOYMENT_TARGET = 10.5;
				PREBINDING = NO;
				SDKROOT = "$(DEVELOPER_SDK_DIR)/MacOSX10.6.sdk";
				USER_HEADER_SEARCH_PATHS = "$(CINDER_PATH)/blocks/Cinder-Kinect/include $(CINDER_PATH)/blocks/Cinder-OpenCV/include \"$(CINDER_PATH)/include\" ../include $(CINDER_PATH)/blocks/osc/include";
			};
			name = Debug;
		};
		C01FCF5008A954540054247B /* Release */ = {
			isa = XCBuildConfiguration;
			buildSettings = {
				ALWAYS_SEARCH_USER_PATHS = NO;
				ARCHS = i386;
				CINDER_PATH = ../../external/Cinder;
				GCC_WARN_ABOUT_RETURN_TYPE = YES;
				GCC_WARN_UNUSED_VARIABLE = YES;
				HEADER_SEARCH_PATHS = "\"$(CINDER_PATH)/boost\"";
				MACOSX_DEPLOYMENT_TARGET = 10.5;
				PREBINDING = NO;
				SDKROOT = "$(DEVELOPER_SDK_DIR)/MacOSX10.6.sdk";
				USER_HEADER_SEARCH_PATHS = "$(CINDER_PATH)/blocks/Cinder-Kinect/include $(CINDER_PATH)/blocks/Cinder-OpenCV/include \"$(CINDER_PATH)/include\" ../include $(CINDER_PATH)/blocks/osc/include";
			};
			name = Release;
		};
/* End XCBuildConfiguration section */

/* Begin XCConfigurationList section */
		C01FCF4A08A954540054247B /* Build configuration list for PBXNativeTarget "bobbevy" */ = {
			isa = XCConfigurationList;
			buildConfigurations = (
				C01FCF4B08A954540054247B /* Debug */,
				C01FCF4C08A954540054247B /* Release */,
			);
			defaultConfigurationIsVisible = 0;
			defaultConfigurationName = Release;
		};
		C01FCF4E08A954540054247B /* Build configuration list for PBXProject "bobbevy" */ = {
			isa = XCConfigurationList;
			buildConfigurations = (
				C01FCF4F08A954540054247B /* Debug */,
				C01FCF5008A954540054247B /* Release */,
			);
			defaultConfigurationIsVisible = 0;
			defaultConfigurationName = Release;
		};
/* End XCConfigurationList section */
	};
	rootObject = 29B97313FDCFA39411CA2CEA /* Project object */;
}
